// !$*UTF8*$!
{
	archiveVersion = 1;
	classes = {
	};
	objectVersion = 46;
	objects = {

/* Begin PBXBuildFile section */
		1F1CE7E21BB0893900FB7FAA /* ConversationListViewController.m in Sources */ = {isa = PBXBuildFile; fileRef = 1F1CE7E11BB0893900FB7FAA /* ConversationListViewController.m */; settings = {ASSET_TAGS = (); }; };
		1F26FF3F1BB0A2FB00AEB60C /* ConversationViewController.m in Sources */ = {isa = PBXBuildFile; fileRef = 1F26FF3E1BB0A2FB00AEB60C /* ConversationViewController.m */; settings = {ASSET_TAGS = (); }; };
		1F4116A11BB30D2000C278EE /* PersonView.xib in Resources */ = {isa = PBXBuildFile; fileRef = 1F4116A01BB30D2000C278EE /* PersonView.xib */; settings = {ASSET_TAGS = (); }; };
		1F4116A41BB30DAB00C278EE /* ChoosePersonView.m in Sources */ = {isa = PBXBuildFile; fileRef = 1F4116A31BB30DAB00C278EE /* ChoosePersonView.m */; settings = {ASSET_TAGS = (); }; };
		1F4116A71BB32C8500C278EE /* PersonView.m in Sources */ = {isa = PBXBuildFile; fileRef = 1F4116A61BB32C8500C278EE /* PersonView.m */; settings = {ASSET_TAGS = (); }; };
		1F4116AA1BB333CD00C278EE /* InterestsListTableViewController.m in Sources */ = {isa = PBXBuildFile; fileRef = 1F4116A91BB333CD00C278EE /* InterestsListTableViewController.m */; settings = {ASSET_TAGS = (); }; };
		1F417D6B1BB34C4300640281 /* Keys.m in Sources */ = {isa = PBXBuildFile; fileRef = 1F417D6A1BB34C4300640281 /* Keys.m */; settings = {ASSET_TAGS = (); }; };
		1F78B5E11BACF4E600382704 /* main.m in Sources */ = {isa = PBXBuildFile; fileRef = 1F78B5E01BACF4E600382704 /* main.m */; };
		1F78B5E41BACF4E600382704 /* AppDelegate.m in Sources */ = {isa = PBXBuildFile; fileRef = 1F78B5E31BACF4E600382704 /* AppDelegate.m */; };
		1F78B5E71BACF4E600382704 /* ViewController.m in Sources */ = {isa = PBXBuildFile; fileRef = 1F78B5E61BACF4E600382704 /* ViewController.m */; };
		1F78B5EA1BACF4E600382704 /* Main.storyboard in Resources */ = {isa = PBXBuildFile; fileRef = 1F78B5E81BACF4E600382704 /* Main.storyboard */; };
		1F78B5EC1BACF4E600382704 /* Assets.xcassets in Resources */ = {isa = PBXBuildFile; fileRef = 1F78B5EB1BACF4E600382704 /* Assets.xcassets */; };
		1F78B5EF1BACF4E600382704 /* LaunchScreen.storyboard in Resources */ = {isa = PBXBuildFile; fileRef = 1F78B5ED1BACF4E600382704 /* LaunchScreen.storyboard */; };
		1F78B5FA1BACF4E700382704 /* FriendsWithoutBenefitsTests.m in Sources */ = {isa = PBXBuildFile; fileRef = 1F78B5F91BACF4E700382704 /* FriendsWithoutBenefitsTests.m */; };
		1FD2154F1BB53E9D0040A10B /* ProfileTableViewController.m in Sources */ = {isa = PBXBuildFile; fileRef = 1FD2154E1BB53E9D0040A10B /* ProfileTableViewController.m */; settings = {ASSET_TAGS = (); }; };
		1FD215521BB59A8F0040A10B /* InterestCell.m in Sources */ = {isa = PBXBuildFile; fileRef = 1FD215511BB59A8F0040A10B /* InterestCell.m */; settings = {ASSET_TAGS = (); }; };
		1FD215551BB5AB840040A10B /* EditProfileTableViewController.m in Sources */ = {isa = PBXBuildFile; fileRef = 1FD215541BB5AB840040A10B /* EditProfileTableViewController.m */; settings = {ASSET_TAGS = (); }; };
		1FDEFE821BB1F17500DD3D04 /* Interest.m in Sources */ = {isa = PBXBuildFile; fileRef = 1FDEFE811BB1F17500DD3D04 /* Interest.m */; settings = {ASSET_TAGS = (); }; };
		1FDEFE851BB1F1A600DD3D04 /* InterestGraphService.m in Sources */ = {isa = PBXBuildFile; fileRef = 1FDEFE841BB1F1A600DD3D04 /* InterestGraphService.m */; settings = {ASSET_TAGS = (); }; };
		1FDEFE881BB1F30E00DD3D04 /* InterestsViewController.m in Sources */ = {isa = PBXBuildFile; fileRef = 1FDEFE871BB1F30E00DD3D04 /* InterestsViewController.m */; settings = {ASSET_TAGS = (); }; };
		1FF74EE31BB399C200BE3AFC /* NewMatchViewController.m in Sources */ = {isa = PBXBuildFile; fileRef = 1FF74EE21BB399C200BE3AFC /* NewMatchViewController.m */; settings = {ASSET_TAGS = (); }; };
		3400C0C61BB1BCAC005DA6C8 /* ParseService.m in Sources */ = {isa = PBXBuildFile; fileRef = 1F1CE7E41BB08A3B00FB7FAA /* ParseService.m */; };
		341D96EE1BB4E83500171789 /* Activity.m in Sources */ = {isa = PBXBuildFile; fileRef = 341D96ED1BB4E83500171789 /* Activity.m */; settings = {ASSET_TAGS = (); }; };
		341D96F51BB4ECC300171789 /* ActivityCell.m in Sources */ = {isa = PBXBuildFile; fileRef = 341D96F01BB4ECC300171789 /* ActivityCell.m */; settings = {ASSET_TAGS = (); }; };
		341D96F61BB4ECC300171789 /* ActivityDetailViewController.m in Sources */ = {isa = PBXBuildFile; fileRef = 341D96F21BB4ECC300171789 /* ActivityDetailViewController.m */; settings = {ASSET_TAGS = (); }; };
		341D96F71BB4ECC300171789 /* ActivityFeedTableViewController.m in Sources */ = {isa = PBXBuildFile; fileRef = 341D96F41BB4ECC300171789 /* ActivityFeedTableViewController.m */; settings = {ASSET_TAGS = (); }; };
		341D96FA1BB4EE8600171789 /* UserActivityFeedTableViewController.m in Sources */ = {isa = PBXBuildFile; fileRef = 341D96F91BB4EE8600171789 /* UserActivityFeedTableViewController.m */; settings = {ASSET_TAGS = (); }; };
		341D96FD1BB4EEAD00171789 /* CreateActivityStaticTableViewController.m in Sources */ = {isa = PBXBuildFile; fileRef = 341D96FC1BB4EEAD00171789 /* CreateActivityStaticTableViewController.m */; settings = {ASSET_TAGS = (); }; };
		341D97001BB506CA00171789 /* CenterPinMapViewController.m in Sources */ = {isa = PBXBuildFile; fileRef = 341D96FF1BB506CA00171789 /* CenterPinMapViewController.m */; settings = {ASSET_TAGS = (); }; };
		34C9E4DC1BB20C1A00C33815 /* LayerService.m in Sources */ = {isa = PBXBuildFile; fileRef = 7BED70221BB0F88700D9BA6A /* LayerService.m */; settings = {ASSET_TAGS = (); }; };
		34C9E4DD1BB20C1D00C33815 /* ParseUserManager.m in Sources */ = {isa = PBXBuildFile; fileRef = 1F26FF411BB0BAC900AEB60C /* ParseUserManager.m */; settings = {ASSET_TAGS = (); }; };
		34C9E4DE1BB20C2400C33815 /* ParticipantTableViewController.m in Sources */ = {isa = PBXBuildFile; fileRef = 7B087C2C1BB109EA0074276B /* ParticipantTableViewController.m */; settings = {ASSET_TAGS = (); }; };
		34C9E4DF1BB20C2D00C33815 /* LogInViewController.m in Sources */ = {isa = PBXBuildFile; fileRef = 58548EA81BB07F4000AB10C4 /* LogInViewController.m */; settings = {ASSET_TAGS = (); }; };
		34C9E4E01BB20C3400C33815 /* ProfileViewController.m in Sources */ = {isa = PBXBuildFile; fileRef = 3400C0951BB07EDE005DA6C8 /* ProfileViewController.m */; settings = {ASSET_TAGS = (); }; };
		34C9E4E11BB20C3600C33815 /* EditProfileViewController.m in Sources */ = {isa = PBXBuildFile; fileRef = 3400C0981BB08BF4005DA6C8 /* EditProfileViewController.m */; settings = {ASSET_TAGS = (); }; };
		34C9E4E21BB20C3D00C33815 /* User.m in Sources */ = {isa = PBXBuildFile; fileRef = 3400C08F1BB07046005DA6C8 /* User.m */; settings = {ASSET_TAGS = (); }; };
		34C9E4E91BB28B3200C33815 /* (null) in Sources */ = {isa = PBXBuildFile; settings = {ASSET_TAGS = (); }; };
		586E95271BB461F700A77CA1 /* launch_bg.jpg in Resources */ = {isa = PBXBuildFile; fileRef = 586E95261BB461F700A77CA1 /* launch_bg.jpg */; settings = {ASSET_TAGS = (); }; };
		586E952A1BB4638D00A77CA1 /* CustomLoginViewViewController.m in Sources */ = {isa = PBXBuildFile; fileRef = 586E95291BB4638D00A77CA1 /* CustomLoginViewViewController.m */; settings = {ASSET_TAGS = (); }; };
		586E952C1BB47A5200A77CA1 /* Pacifico.ttf in Resources */ = {isa = PBXBuildFile; fileRef = 586E952B1BB477D100A77CA1 /* Pacifico.ttf */; settings = {ASSET_TAGS = (); }; };
		588006121BB359450060CD00 /* ImageResizer.m in Sources */ = {isa = PBXBuildFile; fileRef = 588006111BB359450060CD00 /* ImageResizer.m */; settings = {ASSET_TAGS = (); }; };
		7B1A197853274552BD551F91 /* libPods-FriendsWithoutBenefits.a in Frameworks */ = {isa = PBXBuildFile; fileRef = 8EAD4F73507E4A9A3D922C2E /* libPods-FriendsWithoutBenefits.a */; };
		7B3B0AC81BB25B52004CA4FF /* MatchViewController.m in Sources */ = {isa = PBXBuildFile; fileRef = 7B3B0AC71BB25B52004CA4FF /* MatchViewController.m */; settings = {ASSET_TAGS = (); }; };
		B0107F3E1BB1D0C9002099AF /* FSQCategoryIDs.m in Sources */ = {isa = PBXBuildFile; fileRef = B0107F351BB1D0C9002099AF /* FSQCategoryIDs.m */; settings = {ASSET_TAGS = (); }; };
		B0107F401BB1D0C9002099AF /* FSQLocation.m in Sources */ = {isa = PBXBuildFile; fileRef = B0107F391BB1D0C9002099AF /* FSQLocation.m */; settings = {ASSET_TAGS = (); }; };
		B0107F411BB1D0C9002099AF /* FSQStats.m in Sources */ = {isa = PBXBuildFile; fileRef = B0107F3B1BB1D0C9002099AF /* FSQStats.m */; settings = {ASSET_TAGS = (); }; };
		B0107F421BB1D0C9002099AF /* FSQVenue.m in Sources */ = {isa = PBXBuildFile; fileRef = B0107F3D1BB1D0C9002099AF /* FSQVenue.m */; settings = {ASSET_TAGS = (); }; };
		B0107F451BB1D119002099AF /* MapViewController.m in Sources */ = {isa = PBXBuildFile; fileRef = B0107F441BB1D119002099AF /* MapViewController.m */; settings = {ASSET_TAGS = (); }; };
		B0107F4B1BB1D2F6002099AF /* Constants.m in Sources */ = {isa = PBXBuildFile; fileRef = B0107F4A1BB1D2F6002099AF /* Constants.m */; settings = {ASSET_TAGS = (); }; };
		B0107F551BB3157D002099AF /* VenueDetailViewController.m in Sources */ = {isa = PBXBuildFile; fileRef = B0107F541BB3157D002099AF /* VenueDetailViewController.m */; settings = {ASSET_TAGS = (); }; };
		B0AC58831BB462E8003136AF /* FSQVenuePhoto.m in Sources */ = {isa = PBXBuildFile; fileRef = B0AC58821BB462E8003136AF /* FSQVenuePhoto.m */; settings = {ASSET_TAGS = (); }; };
/* End PBXBuildFile section */

/* Begin PBXContainerItemProxy section */
		1F78B5F61BACF4E700382704 /* PBXContainerItemProxy */ = {
			isa = PBXContainerItemProxy;
			containerPortal = 1F78B5D41BACF4E600382704 /* Project object */;
			proxyType = 1;
			remoteGlobalIDString = 1F78B5DB1BACF4E600382704;
			remoteInfo = FriendsWithoutBenefits;
		};
/* End PBXContainerItemProxy section */

/* Begin PBXFileReference section */
		1F1CE7E01BB0893900FB7FAA /* ConversationListViewController.h */ = {isa = PBXFileReference; fileEncoding = 4; lastKnownFileType = sourcecode.c.h; path = ConversationListViewController.h; sourceTree = "<group>"; };
		1F1CE7E11BB0893900FB7FAA /* ConversationListViewController.m */ = {isa = PBXFileReference; fileEncoding = 4; lastKnownFileType = sourcecode.c.objc; path = ConversationListViewController.m; sourceTree = "<group>"; };
		1F1CE7E31BB08A3B00FB7FAA /* ParseService.h */ = {isa = PBXFileReference; fileEncoding = 4; lastKnownFileType = sourcecode.c.h; path = ParseService.h; sourceTree = "<group>"; };
		1F1CE7E41BB08A3B00FB7FAA /* ParseService.m */ = {isa = PBXFileReference; fileEncoding = 4; lastKnownFileType = sourcecode.c.objc; path = ParseService.m; sourceTree = "<group>"; };
		1F26FF3D1BB0A2FB00AEB60C /* ConversationViewController.h */ = {isa = PBXFileReference; fileEncoding = 4; lastKnownFileType = sourcecode.c.h; path = ConversationViewController.h; sourceTree = "<group>"; };
		1F26FF3E1BB0A2FB00AEB60C /* ConversationViewController.m */ = {isa = PBXFileReference; fileEncoding = 4; lastKnownFileType = sourcecode.c.objc; path = ConversationViewController.m; sourceTree = "<group>"; };
		1F26FF401BB0BAC900AEB60C /* ParseUserManager.h */ = {isa = PBXFileReference; fileEncoding = 4; lastKnownFileType = sourcecode.c.h; path = ParseUserManager.h; sourceTree = "<group>"; };
		1F26FF411BB0BAC900AEB60C /* ParseUserManager.m */ = {isa = PBXFileReference; fileEncoding = 4; lastKnownFileType = sourcecode.c.objc; path = ParseUserManager.m; sourceTree = "<group>"; };
		1F4116A01BB30D2000C278EE /* PersonView.xib */ = {isa = PBXFileReference; fileEncoding = 4; lastKnownFileType = file.xib; path = PersonView.xib; sourceTree = "<group>"; };
		1F4116A21BB30DAB00C278EE /* ChoosePersonView.h */ = {isa = PBXFileReference; fileEncoding = 4; lastKnownFileType = sourcecode.c.h; path = ChoosePersonView.h; sourceTree = "<group>"; };
		1F4116A31BB30DAB00C278EE /* ChoosePersonView.m */ = {isa = PBXFileReference; fileEncoding = 4; lastKnownFileType = sourcecode.c.objc; path = ChoosePersonView.m; sourceTree = "<group>"; };
		1F4116A51BB32C8500C278EE /* PersonView.h */ = {isa = PBXFileReference; fileEncoding = 4; lastKnownFileType = sourcecode.c.h; path = PersonView.h; sourceTree = "<group>"; };
		1F4116A61BB32C8500C278EE /* PersonView.m */ = {isa = PBXFileReference; fileEncoding = 4; lastKnownFileType = sourcecode.c.objc; path = PersonView.m; sourceTree = "<group>"; };
		1F4116A81BB333CD00C278EE /* InterestsListTableViewController.h */ = {isa = PBXFileReference; fileEncoding = 4; lastKnownFileType = sourcecode.c.h; path = InterestsListTableViewController.h; sourceTree = "<group>"; };
		1F4116A91BB333CD00C278EE /* InterestsListTableViewController.m */ = {isa = PBXFileReference; fileEncoding = 4; lastKnownFileType = sourcecode.c.objc; path = InterestsListTableViewController.m; sourceTree = "<group>"; };
		1F417D691BB34C4300640281 /* Keys.h */ = {isa = PBXFileReference; fileEncoding = 4; lastKnownFileType = sourcecode.c.h; path = Keys.h; sourceTree = "<group>"; };
		1F417D6A1BB34C4300640281 /* Keys.m */ = {isa = PBXFileReference; fileEncoding = 4; lastKnownFileType = sourcecode.c.objc; path = Keys.m; sourceTree = "<group>"; };
		1F78B5DC1BACF4E600382704 /* FriendsWithoutBenefits.app */ = {isa = PBXFileReference; explicitFileType = wrapper.application; includeInIndex = 0; path = FriendsWithoutBenefits.app; sourceTree = BUILT_PRODUCTS_DIR; };
		1F78B5E01BACF4E600382704 /* main.m */ = {isa = PBXFileReference; lastKnownFileType = sourcecode.c.objc; path = main.m; sourceTree = "<group>"; };
		1F78B5E21BACF4E600382704 /* AppDelegate.h */ = {isa = PBXFileReference; lastKnownFileType = sourcecode.c.h; path = AppDelegate.h; sourceTree = "<group>"; };
		1F78B5E31BACF4E600382704 /* AppDelegate.m */ = {isa = PBXFileReference; lastKnownFileType = sourcecode.c.objc; path = AppDelegate.m; sourceTree = "<group>"; };
		1F78B5E51BACF4E600382704 /* ViewController.h */ = {isa = PBXFileReference; lastKnownFileType = sourcecode.c.h; path = ViewController.h; sourceTree = "<group>"; };
		1F78B5E61BACF4E600382704 /* ViewController.m */ = {isa = PBXFileReference; lastKnownFileType = sourcecode.c.objc; path = ViewController.m; sourceTree = "<group>"; };
		1F78B5E91BACF4E600382704 /* Base */ = {isa = PBXFileReference; lastKnownFileType = file.storyboard; name = Base; path = Base.lproj/Main.storyboard; sourceTree = "<group>"; };
		1F78B5EB1BACF4E600382704 /* Assets.xcassets */ = {isa = PBXFileReference; lastKnownFileType = folder.assetcatalog; path = Assets.xcassets; sourceTree = "<group>"; };
		1F78B5EE1BACF4E600382704 /* Base */ = {isa = PBXFileReference; lastKnownFileType = file.storyboard; name = Base; path = Base.lproj/LaunchScreen.storyboard; sourceTree = "<group>"; };
		1F78B5F01BACF4E600382704 /* Info.plist */ = {isa = PBXFileReference; lastKnownFileType = text.plist.xml; path = Info.plist; sourceTree = "<group>"; };
		1F78B5F51BACF4E700382704 /* FriendsWithoutBenefitsTests.xctest */ = {isa = PBXFileReference; explicitFileType = wrapper.cfbundle; includeInIndex = 0; path = FriendsWithoutBenefitsTests.xctest; sourceTree = BUILT_PRODUCTS_DIR; };
		1F78B5F91BACF4E700382704 /* FriendsWithoutBenefitsTests.m */ = {isa = PBXFileReference; lastKnownFileType = sourcecode.c.objc; path = FriendsWithoutBenefitsTests.m; sourceTree = "<group>"; };
		1F78B5FB1BACF4E700382704 /* Info.plist */ = {isa = PBXFileReference; lastKnownFileType = text.plist.xml; path = Info.plist; sourceTree = "<group>"; };
		1FD2154D1BB53E9D0040A10B /* ProfileTableViewController.h */ = {isa = PBXFileReference; fileEncoding = 4; lastKnownFileType = sourcecode.c.h; path = ProfileTableViewController.h; sourceTree = "<group>"; };
		1FD2154E1BB53E9D0040A10B /* ProfileTableViewController.m */ = {isa = PBXFileReference; fileEncoding = 4; lastKnownFileType = sourcecode.c.objc; path = ProfileTableViewController.m; sourceTree = "<group>"; };
		1FD215501BB59A8F0040A10B /* InterestCell.h */ = {isa = PBXFileReference; fileEncoding = 4; lastKnownFileType = sourcecode.c.h; path = InterestCell.h; sourceTree = "<group>"; };
		1FD215511BB59A8F0040A10B /* InterestCell.m */ = {isa = PBXFileReference; fileEncoding = 4; lastKnownFileType = sourcecode.c.objc; path = InterestCell.m; sourceTree = "<group>"; };
		1FD215531BB5AB840040A10B /* EditProfileTableViewController.h */ = {isa = PBXFileReference; fileEncoding = 4; lastKnownFileType = sourcecode.c.h; path = EditProfileTableViewController.h; sourceTree = "<group>"; };
		1FD215541BB5AB840040A10B /* EditProfileTableViewController.m */ = {isa = PBXFileReference; fileEncoding = 4; lastKnownFileType = sourcecode.c.objc; path = EditProfileTableViewController.m; sourceTree = "<group>"; };
		1FDEFE801BB1F17500DD3D04 /* Interest.h */ = {isa = PBXFileReference; fileEncoding = 4; lastKnownFileType = sourcecode.c.h; path = Interest.h; sourceTree = "<group>"; };
		1FDEFE811BB1F17500DD3D04 /* Interest.m */ = {isa = PBXFileReference; fileEncoding = 4; lastKnownFileType = sourcecode.c.objc; path = Interest.m; sourceTree = "<group>"; };
		1FDEFE831BB1F1A600DD3D04 /* InterestGraphService.h */ = {isa = PBXFileReference; fileEncoding = 4; lastKnownFileType = sourcecode.c.h; path = InterestGraphService.h; sourceTree = "<group>"; };
		1FDEFE841BB1F1A600DD3D04 /* InterestGraphService.m */ = {isa = PBXFileReference; fileEncoding = 4; lastKnownFileType = sourcecode.c.objc; path = InterestGraphService.m; sourceTree = "<group>"; };
		1FDEFE861BB1F30E00DD3D04 /* InterestsViewController.h */ = {isa = PBXFileReference; fileEncoding = 4; lastKnownFileType = sourcecode.c.h; path = InterestsViewController.h; sourceTree = "<group>"; };
		1FDEFE871BB1F30E00DD3D04 /* InterestsViewController.m */ = {isa = PBXFileReference; fileEncoding = 4; lastKnownFileType = sourcecode.c.objc; path = InterestsViewController.m; sourceTree = "<group>"; };
		1FF74EE11BB399C200BE3AFC /* NewMatchViewController.h */ = {isa = PBXFileReference; fileEncoding = 4; lastKnownFileType = sourcecode.c.h; path = NewMatchViewController.h; sourceTree = "<group>"; };
		1FF74EE21BB399C200BE3AFC /* NewMatchViewController.m */ = {isa = PBXFileReference; fileEncoding = 4; lastKnownFileType = sourcecode.c.objc; path = NewMatchViewController.m; sourceTree = "<group>"; };
		3400C08E1BB07046005DA6C8 /* User.h */ = {isa = PBXFileReference; fileEncoding = 4; lastKnownFileType = sourcecode.c.h; path = User.h; sourceTree = "<group>"; };
		3400C08F1BB07046005DA6C8 /* User.m */ = {isa = PBXFileReference; fileEncoding = 4; lastKnownFileType = sourcecode.c.objc; path = User.m; sourceTree = "<group>"; };
		3400C0941BB07EDE005DA6C8 /* ProfileViewController.h */ = {isa = PBXFileReference; fileEncoding = 4; lastKnownFileType = sourcecode.c.h; path = ProfileViewController.h; sourceTree = "<group>"; };
		3400C0951BB07EDE005DA6C8 /* ProfileViewController.m */ = {isa = PBXFileReference; fileEncoding = 4; lastKnownFileType = sourcecode.c.objc; path = ProfileViewController.m; sourceTree = "<group>"; };
		3400C0971BB08BF4005DA6C8 /* EditProfileViewController.h */ = {isa = PBXFileReference; fileEncoding = 4; lastKnownFileType = sourcecode.c.h; path = EditProfileViewController.h; sourceTree = "<group>"; };
		3400C0981BB08BF4005DA6C8 /* EditProfileViewController.m */ = {isa = PBXFileReference; fileEncoding = 4; lastKnownFileType = sourcecode.c.objc; path = EditProfileViewController.m; sourceTree = "<group>"; };
		341D96EC1BB4E83500171789 /* Activity.h */ = {isa = PBXFileReference; fileEncoding = 4; lastKnownFileType = sourcecode.c.h; path = Activity.h; sourceTree = "<group>"; };
		341D96ED1BB4E83500171789 /* Activity.m */ = {isa = PBXFileReference; fileEncoding = 4; lastKnownFileType = sourcecode.c.objc; path = Activity.m; sourceTree = "<group>"; };
		341D96EF1BB4ECC300171789 /* ActivityCell.h */ = {isa = PBXFileReference; fileEncoding = 4; lastKnownFileType = sourcecode.c.h; path = ActivityCell.h; sourceTree = "<group>"; };
		341D96F01BB4ECC300171789 /* ActivityCell.m */ = {isa = PBXFileReference; fileEncoding = 4; lastKnownFileType = sourcecode.c.objc; path = ActivityCell.m; sourceTree = "<group>"; };
		341D96F11BB4ECC300171789 /* ActivityDetailViewController.h */ = {isa = PBXFileReference; fileEncoding = 4; lastKnownFileType = sourcecode.c.h; path = ActivityDetailViewController.h; sourceTree = "<group>"; };
		341D96F21BB4ECC300171789 /* ActivityDetailViewController.m */ = {isa = PBXFileReference; fileEncoding = 4; lastKnownFileType = sourcecode.c.objc; path = ActivityDetailViewController.m; sourceTree = "<group>"; };
		341D96F31BB4ECC300171789 /* ActivityFeedTableViewController.h */ = {isa = PBXFileReference; fileEncoding = 4; lastKnownFileType = sourcecode.c.h; path = ActivityFeedTableViewController.h; sourceTree = "<group>"; };
		341D96F41BB4ECC300171789 /* ActivityFeedTableViewController.m */ = {isa = PBXFileReference; fileEncoding = 4; lastKnownFileType = sourcecode.c.objc; path = ActivityFeedTableViewController.m; sourceTree = "<group>"; };
		341D96F81BB4EE8600171789 /* UserActivityFeedTableViewController.h */ = {isa = PBXFileReference; fileEncoding = 4; lastKnownFileType = sourcecode.c.h; path = UserActivityFeedTableViewController.h; sourceTree = "<group>"; };
		341D96F91BB4EE8600171789 /* UserActivityFeedTableViewController.m */ = {isa = PBXFileReference; fileEncoding = 4; lastKnownFileType = sourcecode.c.objc; path = UserActivityFeedTableViewController.m; sourceTree = "<group>"; };
		341D96FB1BB4EEAD00171789 /* CreateActivityStaticTableViewController.h */ = {isa = PBXFileReference; fileEncoding = 4; lastKnownFileType = sourcecode.c.h; path = CreateActivityStaticTableViewController.h; sourceTree = "<group>"; };
		341D96FC1BB4EEAD00171789 /* CreateActivityStaticTableViewController.m */ = {isa = PBXFileReference; fileEncoding = 4; lastKnownFileType = sourcecode.c.objc; path = CreateActivityStaticTableViewController.m; sourceTree = "<group>"; };
		341D96FE1BB506CA00171789 /* CenterPinMapViewController.h */ = {isa = PBXFileReference; fileEncoding = 4; lastKnownFileType = sourcecode.c.h; path = CenterPinMapViewController.h; sourceTree = "<group>"; };
		341D96FF1BB506CA00171789 /* CenterPinMapViewController.m */ = {isa = PBXFileReference; fileEncoding = 4; lastKnownFileType = sourcecode.c.objc; path = CenterPinMapViewController.m; sourceTree = "<group>"; };
		4A4551F6296AD843D6BE2506 /* Pods-FriendsWithoutBenefits.debug.xcconfig */ = {isa = PBXFileReference; includeInIndex = 1; lastKnownFileType = text.xcconfig; name = "Pods-FriendsWithoutBenefits.debug.xcconfig"; path = "Pods/Target Support Files/Pods-FriendsWithoutBenefits/Pods-FriendsWithoutBenefits.debug.xcconfig"; sourceTree = "<group>"; };
		58548EA71BB07F4000AB10C4 /* LogInViewController.h */ = {isa = PBXFileReference; fileEncoding = 4; lastKnownFileType = sourcecode.c.h; path = LogInViewController.h; sourceTree = "<group>"; };
		58548EA81BB07F4000AB10C4 /* LogInViewController.m */ = {isa = PBXFileReference; fileEncoding = 4; lastKnownFileType = sourcecode.c.objc; path = LogInViewController.m; sourceTree = "<group>"; };
		586E95261BB461F700A77CA1 /* launch_bg.jpg */ = {isa = PBXFileReference; lastKnownFileType = image.jpeg; path = launch_bg.jpg; sourceTree = "<group>"; };
		586E95281BB4638D00A77CA1 /* CustomLoginViewViewController.h */ = {isa = PBXFileReference; fileEncoding = 4; lastKnownFileType = sourcecode.c.h; path = CustomLoginViewViewController.h; sourceTree = "<group>"; };
		586E95291BB4638D00A77CA1 /* CustomLoginViewViewController.m */ = {isa = PBXFileReference; fileEncoding = 4; lastKnownFileType = sourcecode.c.objc; path = CustomLoginViewViewController.m; sourceTree = "<group>"; };
		586E952B1BB477D100A77CA1 /* Pacifico.ttf */ = {isa = PBXFileReference; lastKnownFileType = file; path = Pacifico.ttf; sourceTree = "<group>"; };
		588006101BB359450060CD00 /* ImageResizer.h */ = {isa = PBXFileReference; fileEncoding = 4; lastKnownFileType = sourcecode.c.h; path = ImageResizer.h; sourceTree = "<group>"; };
		588006111BB359450060CD00 /* ImageResizer.m */ = {isa = PBXFileReference; fileEncoding = 4; lastKnownFileType = sourcecode.c.objc; path = ImageResizer.m; sourceTree = "<group>"; };
		7B087C2B1BB109EA0074276B /* ParticipantTableViewController.h */ = {isa = PBXFileReference; fileEncoding = 4; lastKnownFileType = sourcecode.c.h; path = ParticipantTableViewController.h; sourceTree = "<group>"; };
		7B087C2C1BB109EA0074276B /* ParticipantTableViewController.m */ = {isa = PBXFileReference; fileEncoding = 4; lastKnownFileType = sourcecode.c.objc; path = ParticipantTableViewController.m; sourceTree = "<group>"; };
		7B3B0AC61BB25B52004CA4FF /* MatchViewController.h */ = {isa = PBXFileReference; fileEncoding = 4; lastKnownFileType = sourcecode.c.h; path = MatchViewController.h; sourceTree = "<group>"; };
		7B3B0AC71BB25B52004CA4FF /* MatchViewController.m */ = {isa = PBXFileReference; fileEncoding = 4; lastKnownFileType = sourcecode.c.objc; path = MatchViewController.m; sourceTree = "<group>"; };
		7BED70211BB0F88700D9BA6A /* LayerService.h */ = {isa = PBXFileReference; fileEncoding = 4; lastKnownFileType = sourcecode.c.h; path = LayerService.h; sourceTree = "<group>"; };
		7BED70221BB0F88700D9BA6A /* LayerService.m */ = {isa = PBXFileReference; fileEncoding = 4; lastKnownFileType = sourcecode.c.objc; path = LayerService.m; sourceTree = "<group>"; };
		8EAD4F73507E4A9A3D922C2E /* libPods-FriendsWithoutBenefits.a */ = {isa = PBXFileReference; explicitFileType = archive.ar; includeInIndex = 0; path = "libPods-FriendsWithoutBenefits.a"; sourceTree = BUILT_PRODUCTS_DIR; };
		98F4DDD43AF63352830255D8 /* Pods-FriendsWithoutBenefits.release.xcconfig */ = {isa = PBXFileReference; includeInIndex = 1; lastKnownFileType = text.xcconfig; name = "Pods-FriendsWithoutBenefits.release.xcconfig"; path = "Pods/Target Support Files/Pods-FriendsWithoutBenefits/Pods-FriendsWithoutBenefits.release.xcconfig"; sourceTree = "<group>"; };
		B0107F341BB1D0C8002099AF /* FSQCategoryIDs.h */ = {isa = PBXFileReference; fileEncoding = 4; lastKnownFileType = sourcecode.c.h; path = FSQCategoryIDs.h; sourceTree = "<group>"; };
		B0107F351BB1D0C9002099AF /* FSQCategoryIDs.m */ = {isa = PBXFileReference; fileEncoding = 4; lastKnownFileType = sourcecode.c.objc; path = FSQCategoryIDs.m; sourceTree = "<group>"; };
		B0107F381BB1D0C9002099AF /* FSQLocation.h */ = {isa = PBXFileReference; fileEncoding = 4; lastKnownFileType = sourcecode.c.h; path = FSQLocation.h; sourceTree = "<group>"; };
		B0107F391BB1D0C9002099AF /* FSQLocation.m */ = {isa = PBXFileReference; fileEncoding = 4; lastKnownFileType = sourcecode.c.objc; path = FSQLocation.m; sourceTree = "<group>"; };
		B0107F3A1BB1D0C9002099AF /* FSQStats.h */ = {isa = PBXFileReference; fileEncoding = 4; lastKnownFileType = sourcecode.c.h; path = FSQStats.h; sourceTree = "<group>"; };
		B0107F3B1BB1D0C9002099AF /* FSQStats.m */ = {isa = PBXFileReference; fileEncoding = 4; lastKnownFileType = sourcecode.c.objc; path = FSQStats.m; sourceTree = "<group>"; };
		B0107F3C1BB1D0C9002099AF /* FSQVenue.h */ = {isa = PBXFileReference; fileEncoding = 4; lastKnownFileType = sourcecode.c.h; path = FSQVenue.h; sourceTree = "<group>"; };
		B0107F3D1BB1D0C9002099AF /* FSQVenue.m */ = {isa = PBXFileReference; fileEncoding = 4; lastKnownFileType = sourcecode.c.objc; path = FSQVenue.m; sourceTree = "<group>"; };
		B0107F431BB1D119002099AF /* MapViewController.h */ = {isa = PBXFileReference; fileEncoding = 4; lastKnownFileType = sourcecode.c.h; path = MapViewController.h; sourceTree = "<group>"; };
		B0107F441BB1D119002099AF /* MapViewController.m */ = {isa = PBXFileReference; fileEncoding = 4; lastKnownFileType = sourcecode.c.objc; path = MapViewController.m; sourceTree = "<group>"; };
		B0107F491BB1D2F6002099AF /* Constants.h */ = {isa = PBXFileReference; fileEncoding = 4; lastKnownFileType = sourcecode.c.h; path = Constants.h; sourceTree = "<group>"; };
		B0107F4A1BB1D2F6002099AF /* Constants.m */ = {isa = PBXFileReference; fileEncoding = 4; lastKnownFileType = sourcecode.c.objc; path = Constants.m; sourceTree = "<group>"; };
		B0107F531BB3157D002099AF /* VenueDetailViewController.h */ = {isa = PBXFileReference; fileEncoding = 4; lastKnownFileType = sourcecode.c.h; path = VenueDetailViewController.h; sourceTree = "<group>"; };
		B0107F541BB3157D002099AF /* VenueDetailViewController.m */ = {isa = PBXFileReference; fileEncoding = 4; lastKnownFileType = sourcecode.c.objc; path = VenueDetailViewController.m; sourceTree = "<group>"; };
		B0AC58811BB462E8003136AF /* FSQVenuePhoto.h */ = {isa = PBXFileReference; fileEncoding = 4; lastKnownFileType = sourcecode.c.h; path = FSQVenuePhoto.h; sourceTree = "<group>"; };
		B0AC58821BB462E8003136AF /* FSQVenuePhoto.m */ = {isa = PBXFileReference; fileEncoding = 4; lastKnownFileType = sourcecode.c.objc; path = FSQVenuePhoto.m; sourceTree = "<group>"; };
		B0AC58841BB4A01B003136AF /* EV_IMAGE.jpg */ = {isa = PBXFileReference; lastKnownFileType = image.jpeg; path = EV_IMAGE.jpg; sourceTree = "<group>"; };
/* End PBXFileReference section */

/* Begin PBXFrameworksBuildPhase section */
		1F78B5D91BACF4E600382704 /* Frameworks */ = {
			isa = PBXFrameworksBuildPhase;
			buildActionMask = 2147483647;
			files = (
				7B1A197853274552BD551F91 /* libPods-FriendsWithoutBenefits.a in Frameworks */,
			);
			runOnlyForDeploymentPostprocessing = 0;
		};
		1F78B5F21BACF4E700382704 /* Frameworks */ = {
			isa = PBXFrameworksBuildPhase;
			buildActionMask = 2147483647;
			files = (
			);
			runOnlyForDeploymentPostprocessing = 0;
		};
/* End PBXFrameworksBuildPhase section */

/* Begin PBXGroup section */
		1F1CE7DD1BB06E0500FB7FAA /* Model */ = {
			isa = PBXGroup;
			children = (
				341D96EC1BB4E83500171789 /* Activity.h */,
				341D96ED1BB4E83500171789 /* Activity.m */,
				B0AC58811BB462E8003136AF /* FSQVenuePhoto.h */,
				B0AC58821BB462E8003136AF /* FSQVenuePhoto.m */,
				1F417D691BB34C4300640281 /* Keys.h */,
				1F417D6A1BB34C4300640281 /* Keys.m */,
				B0107F491BB1D2F6002099AF /* Constants.h */,
				B0107F4A1BB1D2F6002099AF /* Constants.m */,
				1F1CE7E31BB08A3B00FB7FAA /* ParseService.h */,
				1F1CE7E41BB08A3B00FB7FAA /* ParseService.m */,
				3400C08E1BB07046005DA6C8 /* User.h */,
				3400C08F1BB07046005DA6C8 /* User.m */,
				1F26FF401BB0BAC900AEB60C /* ParseUserManager.h */,
				1F26FF411BB0BAC900AEB60C /* ParseUserManager.m */,
				B0107F341BB1D0C8002099AF /* FSQCategoryIDs.h */,
				B0107F351BB1D0C9002099AF /* FSQCategoryIDs.m */,
				B0107F381BB1D0C9002099AF /* FSQLocation.h */,
				B0107F391BB1D0C9002099AF /* FSQLocation.m */,
				B0107F3A1BB1D0C9002099AF /* FSQStats.h */,
				B0107F3B1BB1D0C9002099AF /* FSQStats.m */,
				B0107F3C1BB1D0C9002099AF /* FSQVenue.h */,
				B0107F3D1BB1D0C9002099AF /* FSQVenue.m */,
				7BED70211BB0F88700D9BA6A /* LayerService.h */,
				7BED70221BB0F88700D9BA6A /* LayerService.m */,
				1FDEFE801BB1F17500DD3D04 /* Interest.h */,
				1FDEFE811BB1F17500DD3D04 /* Interest.m */,
				1FDEFE831BB1F1A600DD3D04 /* InterestGraphService.h */,
				1FDEFE841BB1F1A600DD3D04 /* InterestGraphService.m */,
			);
			name = Model;
			sourceTree = "<group>";
		};
		1F1CE7DE1BB06E0B00FB7FAA /* View */ = {
			isa = PBXGroup;
			children = (
				1F78B5E81BACF4E600382704 /* Main.storyboard */,
				1F78B5EB1BACF4E600382704 /* Assets.xcassets */,
				586E95261BB461F700A77CA1 /* launch_bg.jpg */,
				1F78B5ED1BACF4E600382704 /* LaunchScreen.storyboard */,
				1F4116A01BB30D2000C278EE /* PersonView.xib */,
				1F4116A21BB30DAB00C278EE /* ChoosePersonView.h */,
				1F4116A31BB30DAB00C278EE /* ChoosePersonView.m */,
				1F4116A51BB32C8500C278EE /* PersonView.h */,
				1F4116A61BB32C8500C278EE /* PersonView.m */,
				1FD215501BB59A8F0040A10B /* InterestCell.h */,
				1FD215511BB59A8F0040A10B /* InterestCell.m */,
			);
			name = View;
			sourceTree = "<group>";
		};
		1F1CE7DF1BB06E1000FB7FAA /* Controller */ = {
			isa = PBXGroup;
			children = (
				1FF74EE41BB39BE800BE3AFC /* LayerViewControllers */,
				B0107F431BB1D119002099AF /* MapViewController.h */,
				B0107F441BB1D119002099AF /* MapViewController.m */,
				341D96FE1BB506CA00171789 /* CenterPinMapViewController.h */,
				341D96FF1BB506CA00171789 /* CenterPinMapViewController.m */,
				586E95281BB4638D00A77CA1 /* CustomLoginViewViewController.h */,
				586E95291BB4638D00A77CA1 /* CustomLoginViewViewController.m */,
				58548EA71BB07F4000AB10C4 /* LogInViewController.h */,
				58548EA81BB07F4000AB10C4 /* LogInViewController.m */,
				1F78B5E51BACF4E600382704 /* ViewController.h */,
				1F78B5E61BACF4E600382704 /* ViewController.m */,
				34C9E4F01BB3180C00C33815 /* ActivityViewControllers */,
				3400C09A1BB08BFC005DA6C8 /* ProfileViewControllers */,
				7B3B0AC61BB25B52004CA4FF /* MatchViewController.h */,
				7B3B0AC71BB25B52004CA4FF /* MatchViewController.m */,
				B0107F531BB3157D002099AF /* VenueDetailViewController.h */,
				B0107F541BB3157D002099AF /* VenueDetailViewController.m */,
				1FF74EE11BB399C200BE3AFC /* NewMatchViewController.h */,
				1FF74EE21BB399C200BE3AFC /* NewMatchViewController.m */,
			);
			name = Controller;
			sourceTree = "<group>";
		};
		1F78B5D31BACF4E600382704 = {
			isa = PBXGroup;
			children = (
				1F78B5DE1BACF4E600382704 /* FriendsWithoutBenefits */,
				1F78B5F81BACF4E700382704 /* FriendsWithoutBenefitsTests */,
				1F78B5DD1BACF4E600382704 /* Products */,
				CD47B01CEC433B93E6114E81 /* Pods */,
				9A12A98E1D273C8BF37FD1BD /* Frameworks */,
			);
			sourceTree = "<group>";
		};
		1F78B5DD1BACF4E600382704 /* Products */ = {
			isa = PBXGroup;
			children = (
				1F78B5DC1BACF4E600382704 /* FriendsWithoutBenefits.app */,
				1F78B5F51BACF4E700382704 /* FriendsWithoutBenefitsTests.xctest */,
			);
			name = Products;
			sourceTree = "<group>";
		};
		1F78B5DE1BACF4E600382704 /* FriendsWithoutBenefits */ = {
			isa = PBXGroup;
			children = (
				586E952B1BB477D100A77CA1 /* Pacifico.ttf */,
				5880060F1BB359090060CD00 /* Helper */,
				1F1CE7DF1BB06E1000FB7FAA /* Controller */,
				1F1CE7DE1BB06E0B00FB7FAA /* View */,
				1F1CE7DD1BB06E0500FB7FAA /* Model */,
				1F78B5E21BACF4E600382704 /* AppDelegate.h */,
				1F78B5E31BACF4E600382704 /* AppDelegate.m */,
				1F78B5F01BACF4E600382704 /* Info.plist */,
				1F78B5DF1BACF4E600382704 /* Supporting Files */,
			);
			path = FriendsWithoutBenefits;
			sourceTree = "<group>";
		};
		1F78B5DF1BACF4E600382704 /* Supporting Files */ = {
			isa = PBXGroup;
			children = (
				B0AC58841BB4A01B003136AF /* EV_IMAGE.jpg */,
				1F78B5E01BACF4E600382704 /* main.m */,
			);
			name = "Supporting Files";
			sourceTree = "<group>";
		};
		1F78B5F81BACF4E700382704 /* FriendsWithoutBenefitsTests */ = {
			isa = PBXGroup;
			children = (
				1F78B5F91BACF4E700382704 /* FriendsWithoutBenefitsTests.m */,
				1F78B5FB1BACF4E700382704 /* Info.plist */,
			);
			path = FriendsWithoutBenefitsTests;
			sourceTree = "<group>";
		};
		1FF74EE41BB39BE800BE3AFC /* LayerViewControllers */ = {
			isa = PBXGroup;
			children = (
				1F1CE7E01BB0893900FB7FAA /* ConversationListViewController.h */,
				1F1CE7E11BB0893900FB7FAA /* ConversationListViewController.m */,
				1F26FF3D1BB0A2FB00AEB60C /* ConversationViewController.h */,
				1F26FF3E1BB0A2FB00AEB60C /* ConversationViewController.m */,
				7B087C2B1BB109EA0074276B /* ParticipantTableViewController.h */,
				7B087C2C1BB109EA0074276B /* ParticipantTableViewController.m */,
			);
			name = LayerViewControllers;
			sourceTree = "<group>";
		};
		3400C09A1BB08BFC005DA6C8 /* ProfileViewControllers */ = {
			isa = PBXGroup;
			children = (
				1FDEFE861BB1F30E00DD3D04 /* InterestsViewController.h */,
				1FDEFE871BB1F30E00DD3D04 /* InterestsViewController.m */,
				1F4116A81BB333CD00C278EE /* InterestsListTableViewController.h */,
				1F4116A91BB333CD00C278EE /* InterestsListTableViewController.m */,
				3400C0941BB07EDE005DA6C8 /* ProfileViewController.h */,
				3400C0951BB07EDE005DA6C8 /* ProfileViewController.m */,
				3400C0971BB08BF4005DA6C8 /* EditProfileViewController.h */,
				3400C0981BB08BF4005DA6C8 /* EditProfileViewController.m */,
				1FD2154D1BB53E9D0040A10B /* ProfileTableViewController.h */,
				1FD2154E1BB53E9D0040A10B /* ProfileTableViewController.m */,
				1FD215531BB5AB840040A10B /* EditProfileTableViewController.h */,
				1FD215541BB5AB840040A10B /* EditProfileTableViewController.m */,
			);
			name = ProfileViewControllers;
			sourceTree = "<group>";
		};
		34C9E4F01BB3180C00C33815 /* ActivityViewControllers */ = {
			isa = PBXGroup;
			children = (
				341D96F81BB4EE8600171789 /* UserActivityFeedTableViewController.h */,
				341D96F91BB4EE8600171789 /* UserActivityFeedTableViewController.m */,
				341D96EF1BB4ECC300171789 /* ActivityCell.h */,
				341D96F01BB4ECC300171789 /* ActivityCell.m */,
				341D96F11BB4ECC300171789 /* ActivityDetailViewController.h */,
				341D96F21BB4ECC300171789 /* ActivityDetailViewController.m */,
				341D96F31BB4ECC300171789 /* ActivityFeedTableViewController.h */,
				341D96F41BB4ECC300171789 /* ActivityFeedTableViewController.m */,
				341D96FB1BB4EEAD00171789 /* CreateActivityStaticTableViewController.h */,
				341D96FC1BB4EEAD00171789 /* CreateActivityStaticTableViewController.m */,
			);
			name = ActivityViewControllers;
			sourceTree = "<group>";
		};
		5880060F1BB359090060CD00 /* Helper */ = {
			isa = PBXGroup;
			children = (
				588006101BB359450060CD00 /* ImageResizer.h */,
				588006111BB359450060CD00 /* ImageResizer.m */,
			);
			name = Helper;
			sourceTree = "<group>";
		};
		9A12A98E1D273C8BF37FD1BD /* Frameworks */ = {
			isa = PBXGroup;
			children = (
				8EAD4F73507E4A9A3D922C2E /* libPods-FriendsWithoutBenefits.a */,
			);
			name = Frameworks;
			sourceTree = "<group>";
		};
		CD47B01CEC433B93E6114E81 /* Pods */ = {
			isa = PBXGroup;
			children = (
				4A4551F6296AD843D6BE2506 /* Pods-FriendsWithoutBenefits.debug.xcconfig */,
				98F4DDD43AF63352830255D8 /* Pods-FriendsWithoutBenefits.release.xcconfig */,
			);
			name = Pods;
			sourceTree = "<group>";
		};
/* End PBXGroup section */

/* Begin PBXNativeTarget section */
		1F78B5DB1BACF4E600382704 /* FriendsWithoutBenefits */ = {
			isa = PBXNativeTarget;
			buildConfigurationList = 1F78B5FE1BACF4E700382704 /* Build configuration list for PBXNativeTarget "FriendsWithoutBenefits" */;
			buildPhases = (
				83BBD9F58D0C46D8B75EBB3C /* Check Pods Manifest.lock */,
				1F78B5D81BACF4E600382704 /* Sources */,
				1F78B5D91BACF4E600382704 /* Frameworks */,
				1F78B5DA1BACF4E600382704 /* Resources */,
				DDD10EB67EA73B6E5ABB1C32 /* Copy Pods Resources */,
			);
			buildRules = (
			);
			dependencies = (
			);
			name = FriendsWithoutBenefits;
			productName = FriendsWithoutBenefits;
			productReference = 1F78B5DC1BACF4E600382704 /* FriendsWithoutBenefits.app */;
			productType = "com.apple.product-type.application";
		};
		1F78B5F41BACF4E700382704 /* FriendsWithoutBenefitsTests */ = {
			isa = PBXNativeTarget;
			buildConfigurationList = 1F78B6011BACF4E700382704 /* Build configuration list for PBXNativeTarget "FriendsWithoutBenefitsTests" */;
			buildPhases = (
				1F78B5F11BACF4E700382704 /* Sources */,
				1F78B5F21BACF4E700382704 /* Frameworks */,
				1F78B5F31BACF4E700382704 /* Resources */,
			);
			buildRules = (
			);
			dependencies = (
				1F78B5F71BACF4E700382704 /* PBXTargetDependency */,
			);
			name = FriendsWithoutBenefitsTests;
			productName = FriendsWithoutBenefitsTests;
			productReference = 1F78B5F51BACF4E700382704 /* FriendsWithoutBenefitsTests.xctest */;
			productType = "com.apple.product-type.bundle.unit-test";
		};
/* End PBXNativeTarget section */

/* Begin PBXProject section */
		1F78B5D41BACF4E600382704 /* Project object */ = {
			isa = PBXProject;
			attributes = {
				LastUpgradeCheck = 0700;
				ORGANIZATIONNAME = "Jeffrey Jacka";
				TargetAttributes = {
					1F78B5DB1BACF4E600382704 = {
						CreatedOnToolsVersion = 7.0;
						DevelopmentTeam = S479M8YV5A;
						SystemCapabilities = {
							com.apple.Push = {
								enabled = 1;
							};
						};
					};
					1F78B5F41BACF4E700382704 = {
						CreatedOnToolsVersion = 7.0;
						TestTargetID = 1F78B5DB1BACF4E600382704;
					};
				};
			};
			buildConfigurationList = 1F78B5D71BACF4E600382704 /* Build configuration list for PBXProject "FriendsWithoutBenefits" */;
			compatibilityVersion = "Xcode 3.2";
			developmentRegion = English;
			hasScannedForEncodings = 0;
			knownRegions = (
				en,
				Base,
			);
			mainGroup = 1F78B5D31BACF4E600382704;
			productRefGroup = 1F78B5DD1BACF4E600382704 /* Products */;
			projectDirPath = "";
			projectRoot = "";
			targets = (
				1F78B5DB1BACF4E600382704 /* FriendsWithoutBenefits */,
				1F78B5F41BACF4E700382704 /* FriendsWithoutBenefitsTests */,
			);
		};
/* End PBXProject section */

/* Begin PBXResourcesBuildPhase section */
		1F78B5DA1BACF4E600382704 /* Resources */ = {
			isa = PBXResourcesBuildPhase;
			buildActionMask = 2147483647;
			files = (
				1F4116A11BB30D2000C278EE /* PersonView.xib in Resources */,
				1F78B5EF1BACF4E600382704 /* LaunchScreen.storyboard in Resources */,
				586E952C1BB47A5200A77CA1 /* Pacifico.ttf in Resources */,
				1F78B5EC1BACF4E600382704 /* Assets.xcassets in Resources */,
				1F78B5EA1BACF4E600382704 /* Main.storyboard in Resources */,
				586E95271BB461F700A77CA1 /* launch_bg.jpg in Resources */,
			);
			runOnlyForDeploymentPostprocessing = 0;
		};
		1F78B5F31BACF4E700382704 /* Resources */ = {
			isa = PBXResourcesBuildPhase;
			buildActionMask = 2147483647;
			files = (
			);
			runOnlyForDeploymentPostprocessing = 0;
		};
/* End PBXResourcesBuildPhase section */

/* Begin PBXShellScriptBuildPhase section */
		83BBD9F58D0C46D8B75EBB3C /* Check Pods Manifest.lock */ = {
			isa = PBXShellScriptBuildPhase;
			buildActionMask = 2147483647;
			files = (
			);
			inputPaths = (
			);
			name = "Check Pods Manifest.lock";
			outputPaths = (
			);
			runOnlyForDeploymentPostprocessing = 0;
			shellPath = /bin/sh;
			shellScript = "diff \"${PODS_ROOT}/../Podfile.lock\" \"${PODS_ROOT}/Manifest.lock\" > /dev/null\nif [[ $? != 0 ]] ; then\n    cat << EOM\nerror: The sandbox is not in sync with the Podfile.lock. Run 'pod install' or update your CocoaPods installation.\nEOM\n    exit 1\nfi\n";
			showEnvVarsInLog = 0;
		};
		DDD10EB67EA73B6E5ABB1C32 /* Copy Pods Resources */ = {
			isa = PBXShellScriptBuildPhase;
			buildActionMask = 2147483647;
			files = (
			);
			inputPaths = (
			);
			name = "Copy Pods Resources";
			outputPaths = (
			);
			runOnlyForDeploymentPostprocessing = 0;
			shellPath = /bin/sh;
			shellScript = "\"${SRCROOT}/Pods/Target Support Files/Pods-FriendsWithoutBenefits/Pods-FriendsWithoutBenefits-resources.sh\"\n";
			showEnvVarsInLog = 0;
		};
/* End PBXShellScriptBuildPhase section */

/* Begin PBXSourcesBuildPhase section */
		1F78B5D81BACF4E600382704 /* Sources */ = {
			isa = PBXSourcesBuildPhase;
			buildActionMask = 2147483647;
			files = (
				34C9E4E21BB20C3D00C33815 /* User.m in Sources */,
				34C9E4DD1BB20C1D00C33815 /* ParseUserManager.m in Sources */,
				586E952A1BB4638D00A77CA1 /* CustomLoginViewViewController.m in Sources */,
				3400C0C61BB1BCAC005DA6C8 /* ParseService.m in Sources */,
				7B3B0AC81BB25B52004CA4FF /* MatchViewController.m in Sources */,
				341D96F71BB4ECC300171789 /* ActivityFeedTableViewController.m in Sources */,
				341D96EE1BB4E83500171789 /* Activity.m in Sources */,
				B0107F551BB3157D002099AF /* VenueDetailViewController.m in Sources */,
				34C9E4DE1BB20C2400C33815 /* ParticipantTableViewController.m in Sources */,
				B0107F411BB1D0C9002099AF /* FSQStats.m in Sources */,
				1F78B5E71BACF4E600382704 /* ViewController.m in Sources */,
				341D96F61BB4ECC300171789 /* ActivityDetailViewController.m in Sources */,
				341D96FA1BB4EE8600171789 /* UserActivityFeedTableViewController.m in Sources */,
				34C9E4DC1BB20C1A00C33815 /* LayerService.m in Sources */,
				1F78B5E41BACF4E600382704 /* AppDelegate.m in Sources */,
				34C9E4E11BB20C3600C33815 /* EditProfileViewController.m in Sources */,
				B0107F421BB1D0C9002099AF /* FSQVenue.m in Sources */,
				341D96FD1BB4EEAD00171789 /* CreateActivityStaticTableViewController.m in Sources */,
				34C9E4DF1BB20C2D00C33815 /* LogInViewController.m in Sources */,
				1FD215551BB5AB840040A10B /* EditProfileTableViewController.m in Sources */,
				1F26FF3F1BB0A2FB00AEB60C /* ConversationViewController.m in Sources */,
				B0AC58831BB462E8003136AF /* FSQVenuePhoto.m in Sources */,
				1F417D6B1BB34C4300640281 /* Keys.m in Sources */,
				1F4116AA1BB333CD00C278EE /* InterestsListTableViewController.m in Sources */,
				588006121BB359450060CD00 /* ImageResizer.m in Sources */,
				34C9E4E91BB28B3200C33815 /* (null) in Sources */,
				34C9E4E01BB20C3400C33815 /* ProfileViewController.m in Sources */,
				1F4116A71BB32C8500C278EE /* PersonView.m in Sources */,
				1F1CE7E21BB0893900FB7FAA /* ConversationListViewController.m in Sources */,
				1F4116A41BB30DAB00C278EE /* ChoosePersonView.m in Sources */,
				1FD215521BB59A8F0040A10B /* InterestCell.m in Sources */,
				341D96F51BB4ECC300171789 /* ActivityCell.m in Sources */,
				1FD2154F1BB53E9D0040A10B /* ProfileTableViewController.m in Sources */,
				B0107F401BB1D0C9002099AF /* FSQLocation.m in Sources */,
				1F78B5E11BACF4E600382704 /* main.m in Sources */,
				B0107F3E1BB1D0C9002099AF /* FSQCategoryIDs.m in Sources */,
				1FDEFE851BB1F1A600DD3D04 /* InterestGraphService.m in Sources */,
				B0107F451BB1D119002099AF /* MapViewController.m in Sources */,
				B0107F4B1BB1D2F6002099AF /* Constants.m in Sources */,
				341D97001BB506CA00171789 /* CenterPinMapViewController.m in Sources */,
				1FDEFE881BB1F30E00DD3D04 /* InterestsViewController.m in Sources */,
				1FDEFE821BB1F17500DD3D04 /* Interest.m in Sources */,
				1FF74EE31BB399C200BE3AFC /* NewMatchViewController.m in Sources */,
			);
			runOnlyForDeploymentPostprocessing = 0;
		};
		1F78B5F11BACF4E700382704 /* Sources */ = {
			isa = PBXSourcesBuildPhase;
			buildActionMask = 2147483647;
			files = (
				1F78B5FA1BACF4E700382704 /* FriendsWithoutBenefitsTests.m in Sources */,
			);
			runOnlyForDeploymentPostprocessing = 0;
		};
/* End PBXSourcesBuildPhase section */

/* Begin PBXTargetDependency section */
		1F78B5F71BACF4E700382704 /* PBXTargetDependency */ = {
			isa = PBXTargetDependency;
			target = 1F78B5DB1BACF4E600382704 /* FriendsWithoutBenefits */;
			targetProxy = 1F78B5F61BACF4E700382704 /* PBXContainerItemProxy */;
		};
/* End PBXTargetDependency section */

/* Begin PBXVariantGroup section */
		1F78B5E81BACF4E600382704 /* Main.storyboard */ = {
			isa = PBXVariantGroup;
			children = (
				1F78B5E91BACF4E600382704 /* Base */,
			);
			name = Main.storyboard;
			sourceTree = "<group>";
		};
		1F78B5ED1BACF4E600382704 /* LaunchScreen.storyboard */ = {
			isa = PBXVariantGroup;
			children = (
				1F78B5EE1BACF4E600382704 /* Base */,
			);
			name = LaunchScreen.storyboard;
			sourceTree = "<group>";
		};
/* End PBXVariantGroup section */

/* Begin XCBuildConfiguration section */
		1F78B5FC1BACF4E700382704 /* Debug */ = {
			isa = XCBuildConfiguration;
			buildSettings = {
				ALWAYS_SEARCH_USER_PATHS = NO;
				CLANG_CXX_LANGUAGE_STANDARD = "gnu++0x";
				CLANG_CXX_LIBRARY = "libc++";
				CLANG_ENABLE_MODULES = YES;
				CLANG_ENABLE_OBJC_ARC = YES;
				CLANG_WARN_BOOL_CONVERSION = YES;
				CLANG_WARN_CONSTANT_CONVERSION = YES;
				CLANG_WARN_DIRECT_OBJC_ISA_USAGE = YES_ERROR;
				CLANG_WARN_EMPTY_BODY = YES;
				CLANG_WARN_ENUM_CONVERSION = YES;
				CLANG_WARN_INT_CONVERSION = YES;
				CLANG_WARN_OBJC_ROOT_CLASS = YES_ERROR;
				CLANG_WARN_UNREACHABLE_CODE = YES;
				CLANG_WARN__DUPLICATE_METHOD_MATCH = YES;
				"CODE_SIGN_IDENTITY[sdk=iphoneos*]" = "iPhone Developer";
				COPY_PHASE_STRIP = NO;
				DEBUG_INFORMATION_FORMAT = dwarf;
				ENABLE_STRICT_OBJC_MSGSEND = YES;
				ENABLE_TESTABILITY = YES;
				GCC_C_LANGUAGE_STANDARD = gnu99;
				GCC_DYNAMIC_NO_PIC = NO;
				GCC_NO_COMMON_BLOCKS = YES;
				GCC_OPTIMIZATION_LEVEL = 0;
				GCC_PREPROCESSOR_DEFINITIONS = (
					"DEBUG=1",
					"$(inherited)",
				);
				GCC_WARN_64_TO_32_BIT_CONVERSION = YES;
				GCC_WARN_ABOUT_RETURN_TYPE = YES_ERROR;
				GCC_WARN_UNDECLARED_SELECTOR = YES;
				GCC_WARN_UNINITIALIZED_AUTOS = YES_AGGRESSIVE;
				GCC_WARN_UNUSED_FUNCTION = YES;
				GCC_WARN_UNUSED_VARIABLE = YES;
				IPHONEOS_DEPLOYMENT_TARGET = 9.0;
				MTL_ENABLE_DEBUG_INFO = YES;
				ONLY_ACTIVE_ARCH = YES;
				SDKROOT = iphoneos;
				TARGETED_DEVICE_FAMILY = "1,2";
			};
			name = Debug;
		};
		1F78B5FD1BACF4E700382704 /* Release */ = {
			isa = XCBuildConfiguration;
			buildSettings = {
				ALWAYS_SEARCH_USER_PATHS = NO;
				CLANG_CXX_LANGUAGE_STANDARD = "gnu++0x";
				CLANG_CXX_LIBRARY = "libc++";
				CLANG_ENABLE_MODULES = YES;
				CLANG_ENABLE_OBJC_ARC = YES;
				CLANG_WARN_BOOL_CONVERSION = YES;
				CLANG_WARN_CONSTANT_CONVERSION = YES;
				CLANG_WARN_DIRECT_OBJC_ISA_USAGE = YES_ERROR;
				CLANG_WARN_EMPTY_BODY = YES;
				CLANG_WARN_ENUM_CONVERSION = YES;
				CLANG_WARN_INT_CONVERSION = YES;
				CLANG_WARN_OBJC_ROOT_CLASS = YES_ERROR;
				CLANG_WARN_UNREACHABLE_CODE = YES;
				CLANG_WARN__DUPLICATE_METHOD_MATCH = YES;
				"CODE_SIGN_IDENTITY[sdk=iphoneos*]" = "iPhone Developer";
				COPY_PHASE_STRIP = NO;
				DEBUG_INFORMATION_FORMAT = "dwarf-with-dsym";
				ENABLE_NS_ASSERTIONS = NO;
				ENABLE_STRICT_OBJC_MSGSEND = YES;
				GCC_C_LANGUAGE_STANDARD = gnu99;
				GCC_NO_COMMON_BLOCKS = YES;
				GCC_WARN_64_TO_32_BIT_CONVERSION = YES;
				GCC_WARN_ABOUT_RETURN_TYPE = YES_ERROR;
				GCC_WARN_UNDECLARED_SELECTOR = YES;
				GCC_WARN_UNINITIALIZED_AUTOS = YES_AGGRESSIVE;
				GCC_WARN_UNUSED_FUNCTION = YES;
				GCC_WARN_UNUSED_VARIABLE = YES;
				IPHONEOS_DEPLOYMENT_TARGET = 9.0;
				MTL_ENABLE_DEBUG_INFO = NO;
				SDKROOT = iphoneos;
				TARGETED_DEVICE_FAMILY = "1,2";
				VALIDATE_PRODUCT = YES;
			};
			name = Release;
		};
		1F78B5FF1BACF4E700382704 /* Debug */ = {
			isa = XCBuildConfiguration;
			baseConfigurationReference = 4A4551F6296AD843D6BE2506 /* Pods-FriendsWithoutBenefits.debug.xcconfig */;
			buildSettings = {
				ASSETCATALOG_COMPILER_APPICON_NAME = AppIcon;
				CODE_SIGN_IDENTITY = "iPhone Developer";
				"CODE_SIGN_IDENTITY[sdk=iphoneos*]" = "iPhone Developer";
				ENABLE_BITCODE = NO;
				INFOPLIST_FILE = FriendsWithoutBenefits/Info.plist;
				LD_RUNPATH_SEARCH_PATHS = "$(inherited) @executable_path/Frameworks";
				PRODUCT_BUNDLE_IDENTIFIER = me.jeffjacka.fwob;
				PRODUCT_NAME = "$(TARGET_NAME)";
				PROVISIONING_PROFILE = "";
			};
			name = Debug;
		};
		1F78B6001BACF4E700382704 /* Release */ = {
			isa = XCBuildConfiguration;
			baseConfigurationReference = 98F4DDD43AF63352830255D8 /* Pods-FriendsWithoutBenefits.release.xcconfig */;
			buildSettings = {
				ASSETCATALOG_COMPILER_APPICON_NAME = AppIcon;
				CODE_SIGN_IDENTITY = "iPhone Developer";
				"CODE_SIGN_IDENTITY[sdk=iphoneos*]" = "iPhone Developer";
				ENABLE_BITCODE = NO;
				INFOPLIST_FILE = FriendsWithoutBenefits/Info.plist;
				LD_RUNPATH_SEARCH_PATHS = "$(inherited) @executable_path/Frameworks";
				PRODUCT_BUNDLE_IDENTIFIER = me.jeffjacka.fwob;
				PRODUCT_NAME = "$(TARGET_NAME)";
				PROVISIONING_PROFILE = "";
			};
			name = Release;
		};
		1F78B6021BACF4E700382704 /* Debug */ = {
			isa = XCBuildConfiguration;
			buildSettings = {
				BUNDLE_LOADER = "$(TEST_HOST)";
				INFOPLIST_FILE = FriendsWithoutBenefitsTests/Info.plist;
				LD_RUNPATH_SEARCH_PATHS = "$(inherited) @executable_path/Frameworks @loader_path/Frameworks";
				PRODUCT_BUNDLE_IDENTIFIER = JeffJacka.FriendsWithoutBenefitsTests;
				PRODUCT_NAME = "$(TARGET_NAME)";
				TEST_HOST = "$(BUILT_PRODUCTS_DIR)/FriendsWithoutBenefits.app/FriendsWithoutBenefits";
			};
			name = Debug;
		};
		1F78B6031BACF4E700382704 /* Release */ = {
			isa = XCBuildConfiguration;
			buildSettings = {
				BUNDLE_LOADER = "$(TEST_HOST)";
				INFOPLIST_FILE = FriendsWithoutBenefitsTests/Info.plist;
				LD_RUNPATH_SEARCH_PATHS = "$(inherited) @executable_path/Frameworks @loader_path/Frameworks";
				PRODUCT_BUNDLE_IDENTIFIER = JeffJacka.FriendsWithoutBenefitsTests;
				PRODUCT_NAME = "$(TARGET_NAME)";
				TEST_HOST = "$(BUILT_PRODUCTS_DIR)/FriendsWithoutBenefits.app/FriendsWithoutBenefits";
			};
			name = Release;
		};
/* End XCBuildConfiguration section */

/* Begin XCConfigurationList section */
		1F78B5D71BACF4E600382704 /* Build configuration list for PBXProject "FriendsWithoutBenefits" */ = {
			isa = XCConfigurationList;
			buildConfigurations = (
				1F78B5FC1BACF4E700382704 /* Debug */,
				1F78B5FD1BACF4E700382704 /* Release */,
			);
			defaultConfigurationIsVisible = 0;
			defaultConfigurationName = Release;
		};
		1F78B5FE1BACF4E700382704 /* Build configuration list for PBXNativeTarget "FriendsWithoutBenefits" */ = {
			isa = XCConfigurationList;
			buildConfigurations = (
				1F78B5FF1BACF4E700382704 /* Debug */,
				1F78B6001BACF4E700382704 /* Release */,
			);
			defaultConfigurationIsVisible = 0;
			defaultConfigurationName = Release;
		};
		1F78B6011BACF4E700382704 /* Build configuration list for PBXNativeTarget "FriendsWithoutBenefitsTests" */ = {
			isa = XCConfigurationList;
			buildConfigurations = (
				1F78B6021BACF4E700382704 /* Debug */,
				1F78B6031BACF4E700382704 /* Release */,
			);
			defaultConfigurationIsVisible = 0;
			defaultConfigurationName = Release;
		};
/* End XCConfigurationList section */
	};
	rootObject = 1F78B5D41BACF4E600382704 /* Project object */;
}
