// !$*UTF8*$!
{
	archiveVersion = 1;
	classes = {
	};
	objectVersion = 46;
	objects = {

/* Begin PBXBuildFile section */
		1F78B5E11BACF4E600382704 /* main.m in Sources */ = {isa = PBXBuildFile; fileRef = 1F78B5E01BACF4E600382704 /* main.m */; };
		1F78B5E41BACF4E600382704 /* AppDelegate.m in Sources */ = {isa = PBXBuildFile; fileRef = 1F78B5E31BACF4E600382704 /* AppDelegate.m */; };
		1F78B5E71BACF4E600382704 /* ViewController.m in Sources */ = {isa = PBXBuildFile; fileRef = 1F78B5E61BACF4E600382704 /* ViewController.m */; };
		1F78B5EA1BACF4E600382704 /* Main.storyboard in Resources */ = {isa = PBXBuildFile; fileRef = 1F78B5E81BACF4E600382704 /* Main.storyboard */; };
		1F78B5EC1BACF4E600382704 /* Assets.xcassets in Resources */ = {isa = PBXBuildFile; fileRef = 1F78B5EB1BACF4E600382704 /* Assets.xcassets */; };
		1F78B5EF1BACF4E600382704 /* LaunchScreen.storyboard in Resources */ = {isa = PBXBuildFile; fileRef = 1F78B5ED1BACF4E600382704 /* LaunchScreen.storyboard */; };
		1F78B5FA1BACF4E700382704 /* FriendsWithoutBenefitsTests.m in Sources */ = {isa = PBXBuildFile; fileRef = 1F78B5F91BACF4E700382704 /* FriendsWithoutBenefitsTests.m */; };
		58548EA91BB07F4000AB10C4 /* LogInViewController.m in Sources */ = {isa = PBXBuildFile; fileRef = 58548EA81BB07F4000AB10C4 /* LogInViewController.m */; settings = {ASSET_TAGS = (); }; };
		58548EAC1BB09FEC00AB10C4 /* UserSubclass.m in Sources */ = {isa = PBXBuildFile; fileRef = 58548EAB1BB09FEC00AB10C4 /* UserSubclass.m */; settings = {ASSET_TAGS = (); }; };
		3400C0901BB07046005DA6C8 /* User.m in Sources */ = {isa = PBXBuildFile; fileRef = 3400C08F1BB07046005DA6C8 /* User.m */; settings = {ASSET_TAGS = (); }; };
		3400C0961BB07EDE005DA6C8 /* ProfileViewController.m in Sources */ = {isa = PBXBuildFile; fileRef = 3400C0951BB07EDE005DA6C8 /* ProfileViewController.m */; settings = {ASSET_TAGS = (); }; };
		3400C0991BB08BF4005DA6C8 /* EditProfileViewController.m in Sources */ = {isa = PBXBuildFile; fileRef = 3400C0981BB08BF4005DA6C8 /* EditProfileViewController.m */; settings = {ASSET_TAGS = (); }; };
		7B1A197853274552BD551F91 /* libPods-FriendsWithoutBenefits.a in Frameworks */ = {isa = PBXBuildFile; fileRef = 8EAD4F73507E4A9A3D922C2E /* libPods-FriendsWithoutBenefits.a */; };
/* End PBXBuildFile section */

/* Begin PBXContainerItemProxy section */
		1F78B5F61BACF4E700382704 /* PBXContainerItemProxy */ = {
			isa = PBXContainerItemProxy;
			containerPortal = 1F78B5D41BACF4E600382704 /* Project object */;
			proxyType = 1;
			remoteGlobalIDString = 1F78B5DB1BACF4E600382704;
			remoteInfo = FriendsWithoutBenefits;
		};
/* End PBXContainerItemProxy section */

/* Begin PBXFileReference section */
		1F78B5DC1BACF4E600382704 /* FriendsWithoutBenefits.app */ = {isa = PBXFileReference; explicitFileType = wrapper.application; includeInIndex = 0; path = FriendsWithoutBenefits.app; sourceTree = BUILT_PRODUCTS_DIR; };
		1F78B5E01BACF4E600382704 /* main.m */ = {isa = PBXFileReference; lastKnownFileType = sourcecode.c.objc; path = main.m; sourceTree = "<group>"; };
		1F78B5E21BACF4E600382704 /* AppDelegate.h */ = {isa = PBXFileReference; lastKnownFileType = sourcecode.c.h; path = AppDelegate.h; sourceTree = "<group>"; };
		1F78B5E31BACF4E600382704 /* AppDelegate.m */ = {isa = PBXFileReference; lastKnownFileType = sourcecode.c.objc; path = AppDelegate.m; sourceTree = "<group>"; };
		1F78B5E51BACF4E600382704 /* ViewController.h */ = {isa = PBXFileReference; lastKnownFileType = sourcecode.c.h; path = ViewController.h; sourceTree = "<group>"; };
		1F78B5E61BACF4E600382704 /* ViewController.m */ = {isa = PBXFileReference; lastKnownFileType = sourcecode.c.objc; path = ViewController.m; sourceTree = "<group>"; };
		1F78B5E91BACF4E600382704 /* Base */ = {isa = PBXFileReference; lastKnownFileType = file.storyboard; name = Base; path = Base.lproj/Main.storyboard; sourceTree = "<group>"; };
		1F78B5EB1BACF4E600382704 /* Assets.xcassets */ = {isa = PBXFileReference; lastKnownFileType = folder.assetcatalog; path = Assets.xcassets; sourceTree = "<group>"; };
		1F78B5EE1BACF4E600382704 /* Base */ = {isa = PBXFileReference; lastKnownFileType = file.storyboard; name = Base; path = Base.lproj/LaunchScreen.storyboard; sourceTree = "<group>"; };
		1F78B5F01BACF4E600382704 /* Info.plist */ = {isa = PBXFileReference; lastKnownFileType = text.plist.xml; path = Info.plist; sourceTree = "<group>"; };
		1F78B5F51BACF4E700382704 /* FriendsWithoutBenefitsTests.xctest */ = {isa = PBXFileReference; explicitFileType = wrapper.cfbundle; includeInIndex = 0; path = FriendsWithoutBenefitsTests.xctest; sourceTree = BUILT_PRODUCTS_DIR; };
		1F78B5F91BACF4E700382704 /* FriendsWithoutBenefitsTests.m */ = {isa = PBXFileReference; lastKnownFileType = sourcecode.c.objc; path = FriendsWithoutBenefitsTests.m; sourceTree = "<group>"; };
		1F78B5FB1BACF4E700382704 /* Info.plist */ = {isa = PBXFileReference; lastKnownFileType = text.plist.xml; path = Info.plist; sourceTree = "<group>"; };
		3400C08E1BB07046005DA6C8 /* User.h */ = {isa = PBXFileReference; fileEncoding = 4; lastKnownFileType = sourcecode.c.h; path = User.h; sourceTree = "<group>"; };
		3400C08F1BB07046005DA6C8 /* User.m */ = {isa = PBXFileReference; fileEncoding = 4; lastKnownFileType = sourcecode.c.objc; path = User.m; sourceTree = "<group>"; };
		3400C0941BB07EDE005DA6C8 /* ProfileViewController.h */ = {isa = PBXFileReference; fileEncoding = 4; lastKnownFileType = sourcecode.c.h; path = ProfileViewController.h; sourceTree = "<group>"; };
		3400C0951BB07EDE005DA6C8 /* ProfileViewController.m */ = {isa = PBXFileReference; fileEncoding = 4; lastKnownFileType = sourcecode.c.objc; path = ProfileViewController.m; sourceTree = "<group>"; };
		3400C0971BB08BF4005DA6C8 /* EditProfileViewController.h */ = {isa = PBXFileReference; fileEncoding = 4; lastKnownFileType = sourcecode.c.h; path = EditProfileViewController.h; sourceTree = "<group>"; };
		3400C0981BB08BF4005DA6C8 /* EditProfileViewController.m */ = {isa = PBXFileReference; fileEncoding = 4; lastKnownFileType = sourcecode.c.objc; path = EditProfileViewController.m; sourceTree = "<group>"; };
		4A4551F6296AD843D6BE2506 /* Pods-FriendsWithoutBenefits.debug.xcconfig */ = {isa = PBXFileReference; includeInIndex = 1; lastKnownFileType = text.xcconfig; name = "Pods-FriendsWithoutBenefits.debug.xcconfig"; path = "Pods/Target Support Files/Pods-FriendsWithoutBenefits/Pods-FriendsWithoutBenefits.debug.xcconfig"; sourceTree = "<group>"; };
		58548EA71BB07F4000AB10C4 /* LogInViewController.h */ = {isa = PBXFileReference; fileEncoding = 4; lastKnownFileType = sourcecode.c.h; path = LogInViewController.h; sourceTree = "<group>"; };
		58548EA81BB07F4000AB10C4 /* LogInViewController.m */ = {isa = PBXFileReference; fileEncoding = 4; lastKnownFileType = sourcecode.c.objc; path = LogInViewController.m; sourceTree = "<group>"; };
		58548EAA1BB09FEC00AB10C4 /* UserSubclass.h */ = {isa = PBXFileReference; fileEncoding = 4; lastKnownFileType = sourcecode.c.h; path = UserSubclass.h; sourceTree = "<group>"; };
		58548EAB1BB09FEC00AB10C4 /* UserSubclass.m */ = {isa = PBXFileReference; fileEncoding = 4; lastKnownFileType = sourcecode.c.objc; path = UserSubclass.m; sourceTree = "<group>"; };
		8EAD4F73507E4A9A3D922C2E /* libPods-FriendsWithoutBenefits.a */ = {isa = PBXFileReference; explicitFileType = archive.ar; includeInIndex = 0; path = "libPods-FriendsWithoutBenefits.a"; sourceTree = BUILT_PRODUCTS_DIR; };
		98F4DDD43AF63352830255D8 /* Pods-FriendsWithoutBenefits.release.xcconfig */ = {isa = PBXFileReference; includeInIndex = 1; lastKnownFileType = text.xcconfig; name = "Pods-FriendsWithoutBenefits.release.xcconfig"; path = "Pods/Target Support Files/Pods-FriendsWithoutBenefits/Pods-FriendsWithoutBenefits.release.xcconfig"; sourceTree = "<group>"; };
/* End PBXFileReference section */

/* Begin PBXFrameworksBuildPhase section */
		1F78B5D91BACF4E600382704 /* Frameworks */ = {
			isa = PBXFrameworksBuildPhase;
			buildActionMask = 2147483647;
			files = (
				7B1A197853274552BD551F91 /* libPods-FriendsWithoutBenefits.a in Frameworks */,
			);
			runOnlyForDeploymentPostprocessing = 0;
		};
		1F78B5F21BACF4E700382704 /* Frameworks */ = {
			isa = PBXFrameworksBuildPhase;
			buildActionMask = 2147483647;
			files = (
			);
			runOnlyForDeploymentPostprocessing = 0;
		};
/* End PBXFrameworksBuildPhase section */

/* Begin PBXGroup section */
		1F1CE7DD1BB06E0500FB7FAA /* Model */ = {
			isa = PBXGroup;
			children = (
				3400C08E1BB07046005DA6C8 /* User.h */,
				3400C08F1BB07046005DA6C8 /* User.m */,
			);
			name = Model;
			sourceTree = "<group>";
		};
		1F1CE7DE1BB06E0B00FB7FAA /* View */ = {
			isa = PBXGroup;
			children = (
				1F78B5E81BACF4E600382704 /* Main.storyboard */,
				1F78B5EB1BACF4E600382704 /* Assets.xcassets */,
				1F78B5ED1BACF4E600382704 /* LaunchScreen.storyboard */,
			);
			name = View;
			sourceTree = "<group>";
		};
		1F1CE7DF1BB06E1000FB7FAA /* Controller */ = {
			isa = PBXGroup;
			children = (
				58548EA71BB07F4000AB10C4 /* LogInViewController.h */,
				58548EA81BB07F4000AB10C4 /* LogInViewController.m */,
				1F78B5E51BACF4E600382704 /* ViewController.h */,
				1F78B5E61BACF4E600382704 /* ViewController.m */,
				3400C09A1BB08BFC005DA6C8 /* ProfileViewControllers */,
			);
			name = Controller;
			sourceTree = "<group>";
		};
		1F78B5D31BACF4E600382704 = {
			isa = PBXGroup;
			children = (
				1F78B5DE1BACF4E600382704 /* FriendsWithoutBenefits */,
				1F78B5F81BACF4E700382704 /* FriendsWithoutBenefitsTests */,
				1F78B5DD1BACF4E600382704 /* Products */,
				CD47B01CEC433B93E6114E81 /* Pods */,
				9A12A98E1D273C8BF37FD1BD /* Frameworks */,
			);
			sourceTree = "<group>";
		};
		1F78B5DD1BACF4E600382704 /* Products */ = {
			isa = PBXGroup;
			children = (
				1F78B5DC1BACF4E600382704 /* FriendsWithoutBenefits.app */,
				1F78B5F51BACF4E700382704 /* FriendsWithoutBenefitsTests.xctest */,
			);
			name = Products;
			sourceTree = "<group>";
		};
		1F78B5DE1BACF4E600382704 /* FriendsWithoutBenefits */ = {
			isa = PBXGroup;
			children = (
				1F1CE7DF1BB06E1000FB7FAA /* Controller */,
				1F1CE7DE1BB06E0B00FB7FAA /* View */,
				1F1CE7DD1BB06E0500FB7FAA /* Model */,
				1F78B5E21BACF4E600382704 /* AppDelegate.h */,
				1F78B5E31BACF4E600382704 /* AppDelegate.m */,
				1F78B5F01BACF4E600382704 /* Info.plist */,
				58548EAA1BB09FEC00AB10C4 /* UserSubclass.h */,
				58548EAB1BB09FEC00AB10C4 /* UserSubclass.m */,
				1F78B5DF1BACF4E600382704 /* Supporting Files */,
			);
			path = FriendsWithoutBenefits;
			sourceTree = "<group>";
		};
		1F78B5DF1BACF4E600382704 /* Supporting Files */ = {
			isa = PBXGroup;
			children = (
				1F78B5E01BACF4E600382704 /* main.m */,
			);
			name = "Supporting Files";
			sourceTree = "<group>";
		};
		1F78B5F81BACF4E700382704 /* FriendsWithoutBenefitsTests */ = {
			isa = PBXGroup;
			children = (
				1F78B5F91BACF4E700382704 /* FriendsWithoutBenefitsTests.m */,
				1F78B5FB1BACF4E700382704 /* Info.plist */,
			);
			path = FriendsWithoutBenefitsTests;
			sourceTree = "<group>";
		};
		3400C09A1BB08BFC005DA6C8 /* ProfileViewControllers */ = {
			isa = PBXGroup;
			children = (
				3400C0941BB07EDE005DA6C8 /* ProfileViewController.h */,
				3400C0951BB07EDE005DA6C8 /* ProfileViewController.m */,
				3400C0971BB08BF4005DA6C8 /* EditProfileViewController.h */,
				3400C0981BB08BF4005DA6C8 /* EditProfileViewController.m */,
			);
			name = ProfileViewControllers;
			sourceTree = "<group>";
		};
		9A12A98E1D273C8BF37FD1BD /* Frameworks */ = {
			isa = PBXGroup;
			children = (
				8EAD4F73507E4A9A3D922C2E /* libPods-FriendsWithoutBenefits.a */,
			);
			name = Frameworks;
			sourceTree = "<group>";
		};
		CD47B01CEC433B93E6114E81 /* Pods */ = {
			isa = PBXGroup;
			children = (
				4A4551F6296AD843D6BE2506 /* Pods-FriendsWithoutBenefits.debug.xcconfig */,
				98F4DDD43AF63352830255D8 /* Pods-FriendsWithoutBenefits.release.xcconfig */,
			);
			name = Pods;
			sourceTree = "<group>";
		};
/* End PBXGroup section */

/* Begin PBXNativeTarget section */
		1F78B5DB1BACF4E600382704 /* FriendsWithoutBenefits */ = {
			isa = PBXNativeTarget;
			buildConfigurationList = 1F78B5FE1BACF4E700382704 /* Build configuration list for PBXNativeTarget "FriendsWithoutBenefits" */;
			buildPhases = (
				83BBD9F58D0C46D8B75EBB3C /* Check Pods Manifest.lock */,
				1F78B5D81BACF4E600382704 /* Sources */,
				1F78B5D91BACF4E600382704 /* Frameworks */,
				1F78B5DA1BACF4E600382704 /* Resources */,
				DDD10EB67EA73B6E5ABB1C32 /* Copy Pods Resources */,
			);
			buildRules = (
			);
			dependencies = (
			);
			name = FriendsWithoutBenefits;
			productName = FriendsWithoutBenefits;
			productReference = 1F78B5DC1BACF4E600382704 /* FriendsWithoutBenefits.app */;
			productType = "com.apple.product-type.application";
		};
		1F78B5F41BACF4E700382704 /* FriendsWithoutBenefitsTests */ = {
			isa = PBXNativeTarget;
			buildConfigurationList = 1F78B6011BACF4E700382704 /* Build configuration list for PBXNativeTarget "FriendsWithoutBenefitsTests" */;
			buildPhases = (
				1F78B5F11BACF4E700382704 /* Sources */,
				1F78B5F21BACF4E700382704 /* Frameworks */,
				1F78B5F31BACF4E700382704 /* Resources */,
			);
			buildRules = (
			);
			dependencies = (
				1F78B5F71BACF4E700382704 /* PBXTargetDependency */,
			);
			name = FriendsWithoutBenefitsTests;
			productName = FriendsWithoutBenefitsTests;
			productReference = 1F78B5F51BACF4E700382704 /* FriendsWithoutBenefitsTests.xctest */;
			productType = "com.apple.product-type.bundle.unit-test";
		};
/* End PBXNativeTarget section */

/* Begin PBXProject section */
		1F78B5D41BACF4E600382704 /* Project object */ = {
			isa = PBXProject;
			attributes = {
				LastUpgradeCheck = 0700;
				ORGANIZATIONNAME = "Jeffrey Jacka";
				TargetAttributes = {
					1F78B5DB1BACF4E600382704 = {
						CreatedOnToolsVersion = 7.0;
					};
					1F78B5F41BACF4E700382704 = {
						CreatedOnToolsVersion = 7.0;
						TestTargetID = 1F78B5DB1BACF4E600382704;
					};
				};
			};
			buildConfigurationList = 1F78B5D71BACF4E600382704 /* Build configuration list for PBXProject "FriendsWithoutBenefits" */;
			compatibilityVersion = "Xcode 3.2";
			developmentRegion = English;
			hasScannedForEncodings = 0;
			knownRegions = (
				en,
				Base,
			);
			mainGroup = 1F78B5D31BACF4E600382704;
			productRefGroup = 1F78B5DD1BACF4E600382704 /* Products */;
			projectDirPath = "";
			projectRoot = "";
			targets = (
				1F78B5DB1BACF4E600382704 /* FriendsWithoutBenefits */,
				1F78B5F41BACF4E700382704 /* FriendsWithoutBenefitsTests */,
			);
		};
/* End PBXProject section */

/* Begin PBXResourcesBuildPhase section */
		1F78B5DA1BACF4E600382704 /* Resources */ = {
			isa = PBXResourcesBuildPhase;
			buildActionMask = 2147483647;
			files = (
				1F78B5EF1BACF4E600382704 /* LaunchScreen.storyboard in Resources */,
				1F78B5EC1BACF4E600382704 /* Assets.xcassets in Resources */,
				1F78B5EA1BACF4E600382704 /* Main.storyboard in Resources */,
			);
			runOnlyForDeploymentPostprocessing = 0;
		};
		1F78B5F31BACF4E700382704 /* Resources */ = {
			isa = PBXResourcesBuildPhase;
			buildActionMask = 2147483647;
			files = (
			);
			runOnlyForDeploymentPostprocessing = 0;
		};
/* End PBXResourcesBuildPhase section */

/* Begin PBXShellScriptBuildPhase section */
		83BBD9F58D0C46D8B75EBB3C /* Check Pods Manifest.lock */ = {
			isa = PBXShellScriptBuildPhase;
			buildActionMask = 2147483647;
			files = (
			);
			inputPaths = (
			);
			name = "Check Pods Manifest.lock";
			outputPaths = (
			);
			runOnlyForDeploymentPostprocessing = 0;
			shellPath = /bin/sh;
			shellScript = "diff \"${PODS_ROOT}/../Podfile.lock\" \"${PODS_ROOT}/Manifest.lock\" > /dev/null\nif [[ $? != 0 ]] ; then\n    cat << EOM\nerror: The sandbox is not in sync with the Podfile.lock. Run 'pod install' or update your CocoaPods installation.\nEOM\n    exit 1\nfi\n";
			showEnvVarsInLog = 0;
		};
		DDD10EB67EA73B6E5ABB1C32 /* Copy Pods Resources */ = {
			isa = PBXShellScriptBuildPhase;
			buildActionMask = 2147483647;
			files = (
			);
			inputPaths = (
			);
			name = "Copy Pods Resources";
			outputPaths = (
			);
			runOnlyForDeploymentPostprocessing = 0;
			shellPath = /bin/sh;
			shellScript = "\"${SRCROOT}/Pods/Target Support Files/Pods-FriendsWithoutBenefits/Pods-FriendsWithoutBenefits-resources.sh\"\n";
			showEnvVarsInLog = 0;
		};
/* End PBXShellScriptBuildPhase section */

/* Begin PBXSourcesBuildPhase section */
		1F78B5D81BACF4E600382704 /* Sources */ = {
			isa = PBXSourcesBuildPhase;
			buildActionMask = 2147483647;
			files = (
				58548EAC1BB09FEC00AB10C4 /* UserSubclass.m in Sources */,
				58548EA91BB07F4000AB10C4 /* LogInViewController.m in Sources */,
				3400C0901BB07046005DA6C8 /* User.m in Sources */,
				1F78B5E71BACF4E600382704 /* ViewController.m in Sources */,
				3400C0991BB08BF4005DA6C8 /* EditProfileViewController.m in Sources */,
				1F78B5E41BACF4E600382704 /* AppDelegate.m in Sources */,
				1F78B5E11BACF4E600382704 /* main.m in Sources */,
				3400C0961BB07EDE005DA6C8 /* ProfileViewController.m in Sources */,
			);
			runOnlyForDeploymentPostprocessing = 0;
		};
		1F78B5F11BACF4E700382704 /* Sources */ = {
			isa = PBXSourcesBuildPhase;
			buildActionMask = 2147483647;
			files = (
				1F78B5FA1BACF4E700382704 /* FriendsWithoutBenefitsTests.m in Sources */,
			);
			runOnlyForDeploymentPostprocessing = 0;
		};
/* End PBXSourcesBuildPhase section */

/* Begin PBXTargetDependency section */
		1F78B5F71BACF4E700382704 /* PBXTargetDependency */ = {
			isa = PBXTargetDependency;
			target = 1F78B5DB1BACF4E600382704 /* FriendsWithoutBenefits */;
			targetProxy = 1F78B5F61BACF4E700382704 /* PBXContainerItemProxy */;
		};
/* End PBXTargetDependency section */

/* Begin PBXVariantGroup section */
		1F78B5E81BACF4E600382704 /* Main.storyboard */ = {
			isa = PBXVariantGroup;
			children = (
				1F78B5E91BACF4E600382704 /* Base */,
			);
			name = Main.storyboard;
			sourceTree = "<group>";
		};
		1F78B5ED1BACF4E600382704 /* LaunchScreen.storyboard */ = {
			isa = PBXVariantGroup;
			children = (
				1F78B5EE1BACF4E600382704 /* Base */,
			);
			name = LaunchScreen.storyboard;
			sourceTree = "<group>";
		};
/* End PBXVariantGroup section */

/* Begin XCBuildConfiguration section */
		1F78B5FC1BACF4E700382704 /* Debug */ = {
			isa = XCBuildConfiguration;
			buildSettings = {
				ALWAYS_SEARCH_USER_PATHS = NO;
				CLANG_CXX_LANGUAGE_STANDARD = "gnu++0x";
				CLANG_CXX_LIBRARY = "libc++";
				CLANG_ENABLE_MODULES = YES;
				CLANG_ENABLE_OBJC_ARC = YES;
				CLANG_WARN_BOOL_CONVERSION = YES;
				CLANG_WARN_CONSTANT_CONVERSION = YES;
				CLANG_WARN_DIRECT_OBJC_ISA_USAGE = YES_ERROR;
				CLANG_WARN_EMPTY_BODY = YES;
				CLANG_WARN_ENUM_CONVERSION = YES;
				CLANG_WARN_INT_CONVERSION = YES;
				CLANG_WARN_OBJC_ROOT_CLASS = YES_ERROR;
				CLANG_WARN_UNREACHABLE_CODE = YES;
				CLANG_WARN__DUPLICATE_METHOD_MATCH = YES;
				"CODE_SIGN_IDENTITY[sdk=iphoneos*]" = "iPhone Developer";
				COPY_PHASE_STRIP = NO;
				DEBUG_INFORMATION_FORMAT = dwarf;
				ENABLE_STRICT_OBJC_MSGSEND = YES;
				ENABLE_TESTABILITY = YES;
				GCC_C_LANGUAGE_STANDARD = gnu99;
				GCC_DYNAMIC_NO_PIC = NO;
				GCC_NO_COMMON_BLOCKS = YES;
				GCC_OPTIMIZATION_LEVEL = 0;
				GCC_PREPROCESSOR_DEFINITIONS = (
					"DEBUG=1",
					"$(inherited)",
				);
				GCC_WARN_64_TO_32_BIT_CONVERSION = YES;
				GCC_WARN_ABOUT_RETURN_TYPE = YES_ERROR;
				GCC_WARN_UNDECLARED_SELECTOR = YES;
				GCC_WARN_UNINITIALIZED_AUTOS = YES_AGGRESSIVE;
				GCC_WARN_UNUSED_FUNCTION = YES;
				GCC_WARN_UNUSED_VARIABLE = YES;
				IPHONEOS_DEPLOYMENT_TARGET = 9.0;
				MTL_ENABLE_DEBUG_INFO = YES;
				ONLY_ACTIVE_ARCH = YES;
				SDKROOT = iphoneos;
				TARGETED_DEVICE_FAMILY = "1,2";
			};
			name = Debug;
		};
		1F78B5FD1BACF4E700382704 /* Release */ = {
			isa = XCBuildConfiguration;
			buildSettings = {
				ALWAYS_SEARCH_USER_PATHS = NO;
				CLANG_CXX_LANGUAGE_STANDARD = "gnu++0x";
				CLANG_CXX_LIBRARY = "libc++";
				CLANG_ENABLE_MODULES = YES;
				CLANG_ENABLE_OBJC_ARC = YES;
				CLANG_WARN_BOOL_CONVERSION = YES;
				CLANG_WARN_CONSTANT_CONVERSION = YES;
				CLANG_WARN_DIRECT_OBJC_ISA_USAGE = YES_ERROR;
				CLANG_WARN_EMPTY_BODY = YES;
				CLANG_WARN_ENUM_CONVERSION = YES;
				CLANG_WARN_INT_CONVERSION = YES;
				CLANG_WARN_OBJC_ROOT_CLASS = YES_ERROR;
				CLANG_WARN_UNREACHABLE_CODE = YES;
				CLANG_WARN__DUPLICATE_METHOD_MATCH = YES;
				"CODE_SIGN_IDENTITY[sdk=iphoneos*]" = "iPhone Developer";
				COPY_PHASE_STRIP = NO;
				DEBUG_INFORMATION_FORMAT = "dwarf-with-dsym";
				ENABLE_NS_ASSERTIONS = NO;
				ENABLE_STRICT_OBJC_MSGSEND = YES;
				GCC_C_LANGUAGE_STANDARD = gnu99;
				GCC_NO_COMMON_BLOCKS = YES;
				GCC_WARN_64_TO_32_BIT_CONVERSION = YES;
				GCC_WARN_ABOUT_RETURN_TYPE = YES_ERROR;
				GCC_WARN_UNDECLARED_SELECTOR = YES;
				GCC_WARN_UNINITIALIZED_AUTOS = YES_AGGRESSIVE;
				GCC_WARN_UNUSED_FUNCTION = YES;
				GCC_WARN_UNUSED_VARIABLE = YES;
				IPHONEOS_DEPLOYMENT_TARGET = 9.0;
				MTL_ENABLE_DEBUG_INFO = NO;
				SDKROOT = iphoneos;
				TARGETED_DEVICE_FAMILY = "1,2";
				VALIDATE_PRODUCT = YES;
			};
			name = Release;
		};
		1F78B5FF1BACF4E700382704 /* Debug */ = {
			isa = XCBuildConfiguration;
			baseConfigurationReference = 4A4551F6296AD843D6BE2506 /* Pods-FriendsWithoutBenefits.debug.xcconfig */;
			buildSettings = {
				ASSETCATALOG_COMPILER_APPICON_NAME = AppIcon;
				INFOPLIST_FILE = FriendsWithoutBenefits/Info.plist;
				LD_RUNPATH_SEARCH_PATHS = "$(inherited) @executable_path/Frameworks";
				PRODUCT_BUNDLE_IDENTIFIER = JeffJacka.FriendsWithoutBenefits;
				PRODUCT_NAME = "$(TARGET_NAME)";
			};
			name = Debug;
		};
		1F78B6001BACF4E700382704 /* Release */ = {
			isa = XCBuildConfiguration;
			baseConfigurationReference = 98F4DDD43AF63352830255D8 /* Pods-FriendsWithoutBenefits.release.xcconfig */;
			buildSettings = {
				ASSETCATALOG_COMPILER_APPICON_NAME = AppIcon;
				INFOPLIST_FILE = FriendsWithoutBenefits/Info.plist;
				LD_RUNPATH_SEARCH_PATHS = "$(inherited) @executable_path/Frameworks";
				PRODUCT_BUNDLE_IDENTIFIER = JeffJacka.FriendsWithoutBenefits;
				PRODUCT_NAME = "$(TARGET_NAME)";
			};
			name = Release;
		};
		1F78B6021BACF4E700382704 /* Debug */ = {
			isa = XCBuildConfiguration;
			buildSettings = {
				BUNDLE_LOADER = "$(TEST_HOST)";
				INFOPLIST_FILE = FriendsWithoutBenefitsTests/Info.plist;
				LD_RUNPATH_SEARCH_PATHS = "$(inherited) @executable_path/Frameworks @loader_path/Frameworks";
				PRODUCT_BUNDLE_IDENTIFIER = JeffJacka.FriendsWithoutBenefitsTests;
				PRODUCT_NAME = "$(TARGET_NAME)";
				TEST_HOST = "$(BUILT_PRODUCTS_DIR)/FriendsWithoutBenefits.app/FriendsWithoutBenefits";
			};
			name = Debug;
		};
		1F78B6031BACF4E700382704 /* Release */ = {
			isa = XCBuildConfiguration;
			buildSettings = {
				BUNDLE_LOADER = "$(TEST_HOST)";
				INFOPLIST_FILE = FriendsWithoutBenefitsTests/Info.plist;
				LD_RUNPATH_SEARCH_PATHS = "$(inherited) @executable_path/Frameworks @loader_path/Frameworks";
				PRODUCT_BUNDLE_IDENTIFIER = JeffJacka.FriendsWithoutBenefitsTests;
				PRODUCT_NAME = "$(TARGET_NAME)";
				TEST_HOST = "$(BUILT_PRODUCTS_DIR)/FriendsWithoutBenefits.app/FriendsWithoutBenefits";
			};
			name = Release;
		};
/* End XCBuildConfiguration section */

/* Begin XCConfigurationList section */
		1F78B5D71BACF4E600382704 /* Build configuration list for PBXProject "FriendsWithoutBenefits" */ = {
			isa = XCConfigurationList;
			buildConfigurations = (
				1F78B5FC1BACF4E700382704 /* Debug */,
				1F78B5FD1BACF4E700382704 /* Release */,
			);
			defaultConfigurationIsVisible = 0;
			defaultConfigurationName = Release;
		};
		1F78B5FE1BACF4E700382704 /* Build configuration list for PBXNativeTarget "FriendsWithoutBenefits" */ = {
			isa = XCConfigurationList;
			buildConfigurations = (
				1F78B5FF1BACF4E700382704 /* Debug */,
				1F78B6001BACF4E700382704 /* Release */,
			);
			defaultConfigurationIsVisible = 0;
			defaultConfigurationName = Release;
		};
		1F78B6011BACF4E700382704 /* Build configuration list for PBXNativeTarget "FriendsWithoutBenefitsTests" */ = {
			isa = XCConfigurationList;
			buildConfigurations = (
				1F78B6021BACF4E700382704 /* Debug */,
				1F78B6031BACF4E700382704 /* Release */,
			);
			defaultConfigurationIsVisible = 0;
			defaultConfigurationName = Release;
		};
/* End XCConfigurationList section */
	};
	rootObject = 1F78B5D41BACF4E600382704 /* Project object */;
}
